{
  "version": 4,
  "terraform_version": "1.12.1",
  "serial": 174,
  "lineage": "48d61c7e-eb8c-bb61-afaf-222d92b4bade",
  "outputs": {
    "alb_arn": {
      "value": "arn:aws:elasticloadbalancing:us-east-2:911287867452:loadbalancer/app/alb-AWS-IAC/1498c3138fe7f510",
      "type": "string"
    },
    "alb_dns_name": {
      "value": "alb-AWS-IAC-310660652.us-east-2.elb.amazonaws.com",
      "type": "string"
    },
    "generated_key_name": {
      "value": "AWS-IAC-key-20260326062349949400000001",
      "type": "string"
    },
    "generated_private_key_path": {
      "value": "./AWS-IAC_generated_key.pem",
      "type": "string",
      "sensitive": true
    },
    "private_ec2_ip": {
      "value": "10.0.2.12",
      "type": "string"
    },
    "private_subnet_id": {
      "value": [
        "subnet-0a6fa07fa75b37971",
        "subnet-02cda5447c1210ce0"
      ],
      "type": [
        "tuple",
        [
          "string",
          "string"
        ]
      ]
    },
    "public_ec2_ip": {
      "value": "18.221.96.100",
      "type": "string"
    },
    "public_subnet_id": {
      "value": [
        "subnet-0ff338590dba5cd22",
        "subnet-004a2d4c24dc7c095"
      ],
      "type": [
        "tuple",
        [
          "string",
          "string"
        ]
      ]
    },
    "s3_bucket_name": {
      "value": "ec2-logs-701144fe1318188a",
      "type": "string"
    },
    "vpc_id": {
      "value": "vpc-0390071a4349277b8",
      "type": "string"
    }
  },
  "resources": [
    {
      "mode": "data",
      "type": "aws_ami",
      "name": "amazon_linux",
      "provider": "provider[\"registry.terraform.io/hashicorp/aws\"]",
      "instances": [
        {
          "schema_version": 0,
          "attributes": {
            "allow_unsafe_filter": null,
            "architecture": "x86_64",
            "arn": "arn:aws:ec2:us-east-2::image/ami-040855b0715ee6f0b",
            "block_device_mappings": [
              {
                "device_name": "/dev/xvda",
                "ebs": {
                  "delete_on_termination": "true",
                  "encrypted": "false",
                  "iops": "0",
                  "snapshot_id": "snap-09bc2f6ccbe2384da",
                  "throughput": "0",
                  "volume_initialization_rate": "0",
                  "volume_size": "8",
                  "volume_type": "gp2"
                },
                "no_device": "",
                "virtual_name": ""
              }
            ],
            "boot_mode": "",
            "creation_date": "2026-02-26T18:42:13.000Z",
            "deprecation_time": "2026-05-27T18:48:00.000Z",
            "description": "Amazon Linux 2 AMI 2.0.20260302.0 x86_64 HVM gp2",
            "ena_support": true,
            "executable_users": null,
            "filter": [
              {
                "name": "name",
                "values": [
                  "amzn2-ami-hvm-*-x86_64-gp2"
                ]
              }
            ],
            "hypervisor": "xen",
            "id": "ami-040855b0715ee6f0b",
            "image_id": "ami-040855b0715ee6f0b",
            "image_location": "amazon/amzn2-ami-hvm-2.0.20260302.0-x86_64-gp2",
            "image_owner_alias": "amazon",
            "image_type": "machine",
            "imds_support": "",
            "include_deprecated": false,
            "kernel_id": "",
            "last_launched_time": "",
            "most_recent": true,
            "name": "amzn2-ami-hvm-2.0.20260302.0-x86_64-gp2",
            "name_regex": null,
            "owner_id": "137112412989",
            "owners": [
              "amazon"
            ],
            "platform": "",
            "platform_details": "Linux/UNIX",
            "product_codes": [],
            "public": true,
            "ramdisk_id": "",
            "region": "us-east-2",
            "root_device_name": "/dev/xvda",
            "root_device_type": "ebs",
            "root_snapshot_id": "snap-09bc2f6ccbe2384da",
            "sriov_net_support": "simple",
            "state": "available",
            "state_reason": {
              "code": "UNSET",
              "message": "UNSET"
            },
            "tags": {},
            "timeouts": null,
            "tpm_support": "",
            "uefi_data": null,
            "usage_operation": "RunInstances",
            "virtualization_type": "hvm"
          },
          "sensitive_attributes": [],
          "identity_schema_version": 0
        }
      ]
    },
    {
      "mode": "data",
      "type": "aws_availability_zones",
      "name": "available",
      "provider": "provider[\"registry.terraform.io/hashicorp/aws\"]",
      "instances": [
        {
          "schema_version": 0,
          "attributes": {
            "all_availability_zones": null,
            "exclude_names": null,
            "exclude_zone_ids": null,
            "filter": null,
            "group_names": [
              "us-east-2-zg-1"
            ],
            "id": "us-east-2",
            "names": [
              "us-east-2a",
              "us-east-2b",
              "us-east-2c"
            ],
            "region": "us-east-2",
            "state": null,
            "timeouts": null,
            "zone_ids": [
              "use2-az1",
              "use2-az2",
              "use2-az3"
            ]
          },
          "sensitive_attributes": [],
          "identity_schema_version": 0
        }
      ]
    },
    {
      "mode": "managed",
      "type": "aws_cloudwatch_metric_alarm",
      "name": "cpu_utilization_private",
      "provider": "provider[\"registry.terraform.io/hashicorp/aws\"]",
      "instances": [
        {
          "schema_version": 1,
          "attributes": {
            "actions_enabled": true,
            "alarm_actions": null,
            "alarm_description": "Alert when CPU exceeds 80% for private EC2",
            "alarm_name": "CPUUtilization-Private-EC2",
            "arn": "arn:aws:cloudwatch:us-east-2:911287867452:alarm:CPUUtilization-Private-EC2",
            "comparison_operator": "GreaterThanThreshold",
            "datapoints_to_alarm": 0,
            "dimensions": {
              "InstanceId": "i-06631c0251247fcaf"
            },
            "evaluate_low_sample_count_percentiles": "",
            "evaluation_periods": 2,
            "extended_statistic": "",
            "id": "CPUUtilization-Private-EC2",
            "insufficient_data_actions": null,
            "metric_name": "CPUUtilization",
            "metric_query": [],
            "namespace": "AWS/EC2",
            "ok_actions": null,
            "period": 60,
            "region": "us-east-2",
            "statistic": "Average",
            "tags": null,
            "tags_all": {},
            "threshold": 80,
            "threshold_metric_id": "",
            "treat_missing_data": "missing",
            "unit": ""
          },
          "sensitive_attributes": [],
          "identity_schema_version": 0,
          "identity": {
            "account_id": "911287867452",
            "alarm_name": "CPUUtilization-Private-EC2",
            "region": "us-east-2"
          },
          "private": "eyJzY2hlbWFfdmVyc2lvbiI6IjEifQ==",
          "dependencies": [
            "aws_iam_instance_profile.ec2_profile",
            "aws_iam_role.ec2_s3_role",
            "aws_instance.private_ec2",
            "aws_key_pair.generated",
            "aws_s3_bucket.logs",
            "aws_security_group.alb_sg",
            "aws_security_group.ec2_sg",
            "aws_subnet.private",
            "aws_vpc.main_vpc",
            "data.aws_ami.amazon_linux",
            "data.aws_availability_zones.available",
            "random_id.rand",
            "tls_private_key.generated"
          ]
        }
      ]
    },
    {
      "mode": "managed",
      "type": "aws_cloudwatch_metric_alarm",
      "name": "cpu_utilization_public",
      "provider": "provider[\"registry.terraform.io/hashicorp/aws\"]",
      "instances": [
        {
          "schema_version": 1,
          "attributes": {
            "actions_enabled": true,
            "alarm_actions": null,
            "alarm_description": "Alert when CPU exceeds 80% for public EC2",
            "alarm_name": "CPUUtilization-Public-EC2",
            "arn": "arn:aws:cloudwatch:us-east-2:911287867452:alarm:CPUUtilization-Public-EC2",
            "comparison_operator": "GreaterThanThreshold",
            "datapoints_to_alarm": 0,
            "dimensions": {
              "InstanceId": "i-0ee02f3218473889a"
            },
            "evaluate_low_sample_count_percentiles": "",
            "evaluation_periods": 2,
            "extended_statistic": "",
            "id": "CPUUtilization-Public-EC2",
            "insufficient_data_actions": null,
            "metric_name": "CPUUtilization",
            "metric_query": [],
            "namespace": "AWS/EC2",
            "ok_actions": null,
            "period": 60,
            "region": "us-east-2",
            "statistic": "Average",
            "tags": null,
            "tags_all": {},
            "threshold": 80,
            "threshold_metric_id": "",
            "treat_missing_data": "missing",
            "unit": ""
          },
          "sensitive_attributes": [],
          "identity_schema_version": 0,
          "identity": {
            "account_id": "911287867452",
            "alarm_name": "CPUUtilization-Public-EC2",
            "region": "us-east-2"
          },
          "private": "eyJzY2hlbWFfdmVyc2lvbiI6IjEifQ==",
          "dependencies": [
            "aws_iam_instance_profile.ec2_profile",
            "aws_iam_role.ec2_s3_role",
            "aws_instance.public_ec2",
            "aws_key_pair.generated",
            "aws_s3_bucket.logs",
            "aws_security_group.alb_sg",
            "aws_security_group.ec2_sg",
            "aws_subnet.public",
            "aws_vpc.main_vpc",
            "data.aws_ami.amazon_linux",
            "data.aws_availability_zones.available",
            "random_id.rand",
            "tls_private_key.generated"
          ]
        }
      ]
    },
    {
      "mode": "managed",
      "type": "aws_eip",
      "name": "nat_eip",
      "provider": "provider[\"registry.terraform.io/hashicorp/aws\"]",
      "instances": [
        {
          "schema_version": 0,
          "attributes": {
            "address": null,
            "allocation_id": "eipalloc-0483718740305a43b",
            "arn": "arn:aws:ec2:us-east-2:911287867452:elastic-ip/eipalloc-0483718740305a43b",
            "associate_with_private_ip": null,
            "association_id": "",
            "carrier_ip": "",
            "customer_owned_ip": "",
            "customer_owned_ipv4_pool": "",
            "domain": "vpc",
            "id": "eipalloc-0483718740305a43b",
            "instance": "",
            "ipam_pool_id": null,
            "network_border_group": "us-east-2",
            "network_interface": "",
            "private_dns": null,
            "private_ip": "",
            "ptr_record": "",
            "public_dns": "ec2-16-58-92-150.us-east-2.compute.amazonaws.com",
            "public_ip": "16.58.92.150",
            "public_ipv4_pool": "amazon",
            "region": "us-east-2",
            "tags": {
              "Name": "AWS-IAC-NAT-EIP"
            },
            "tags_all": {
              "Name": "AWS-IAC-NAT-EIP"
            },
            "timeouts": null
          },
          "sensitive_attributes": [],
          "identity_schema_version": 0,
          "private": "eyJlMmJmYjczMC1lY2FhLTExZTYtOGY4OC0zNDM2M2JjN2M0YzAiOnsiZGVsZXRlIjoxODAwMDAwMDAwMDAsInJlYWQiOjkwMDAwMDAwMDAwMCwidXBkYXRlIjozMDAwMDAwMDAwMDB9fQ==",
          "dependencies": [
            "aws_internet_gateway.igw",
            "aws_vpc.main_vpc"
          ]
        }
      ]
    },
    {
      "mode": "managed",
      "type": "aws_iam_group",
      "name": "admin_group",
      "provider": "provider[\"registry.terraform.io/hashicorp/aws\"]",
      "instances": [
        {
          "schema_version": 0,
          "attributes": {
            "arn": "arn:aws:iam::911287867452:group/AdminGroup",
            "id": "AdminGroup",
            "name": "AdminGroup",
            "path": "/",
            "unique_id": "AGPA5ILH5LA6PTIDBI5TO"
          },
          "sensitive_attributes": [],
          "identity_schema_version": 0,
          "private": "bnVsbA=="
        }
      ]
    },
    {
      "mode": "managed",
      "type": "aws_iam_group",
      "name": "read_only_group",
      "provider": "provider[\"registry.terraform.io/hashicorp/aws\"]",
      "instances": [
        {
          "schema_version": 0,
          "attributes": {
            "arn": "arn:aws:iam::911287867452:group/ReadOnly-ec2-Group",
            "id": "ReadOnly-ec2-Group",
            "name": "ReadOnly-ec2-Group",
            "path": "/",
            "unique_id": "AGPA5ILH5LA6HQFKVLM7X"
          },
          "sensitive_attributes": [],
          "identity_schema_version": 0,
          "private": "bnVsbA=="
        }
      ]
    },
    {
      "mode": "managed",
      "type": "aws_iam_group_policy_attachment",
      "name": "admin_group_policy_attach",
      "provider": "provider[\"registry.terraform.io/hashicorp/aws\"]",
      "instances": [
        {
          "schema_version": 0,
          "attributes": {
            "group": "AdminGroup",
            "id": "AdminGroup-20260326062352995100000002",
            "policy_arn": "arn:aws:iam::aws:policy/AdministratorAccess"
          },
          "sensitive_attributes": [],
          "identity_schema_version": 0,
          "private": "bnVsbA==",
          "dependencies": [
            "aws_iam_group.admin_group"
          ]
        }
      ]
    },
    {
      "mode": "managed",
      "type": "aws_iam_group_policy_attachment",
      "name": "read_only_group_policy_attach",
      "provider": "provider[\"registry.terraform.io/hashicorp/aws\"]",
      "instances": [
        {
          "schema_version": 0,
          "attributes": {
            "group": "ReadOnly-ec2-Group",
            "id": "ReadOnly-ec2-Group-20260326062353023000000003",
            "policy_arn": "arn:aws:iam::aws:policy/ReadOnlyAccess"
          },
          "sensitive_attributes": [],
          "identity_schema_version": 0,
          "private": "bnVsbA==",
          "dependencies": [
            "aws_iam_group.read_only_group"
          ]
        }
      ]
    },
    {
      "mode": "managed",
      "type": "aws_iam_instance_profile",
      "name": "ec2_profile",
      "provider": "provider[\"registry.terraform.io/hashicorp/aws\"]",
      "instances": [
        {
          "schema_version": 0,
          "attributes": {
            "arn": "arn:aws:iam::911287867452:instance-profile/EC2-Profile-AWS-IAC",
            "create_date": "2026-03-26T06:23:53Z",
            "id": "EC2-Profile-AWS-IAC",
            "name": "EC2-Profile-AWS-IAC",
            "name_prefix": "",
            "path": "/",
            "role": "EC2-S3-Role-AWS-IAC",
            "tags": null,
            "tags_all": {},
            "unique_id": "AIPA5ILH5LA6DLFP55HVY"
          },
          "sensitive_attributes": [],
          "identity_schema_version": 0,
          "private": "bnVsbA==",
          "dependencies": [
            "aws_iam_role.ec2_s3_role"
          ]
        }
      ]
    },
    {
      "mode": "managed",
      "type": "aws_iam_policy",
      "name": "read_only_ec2_policy",
      "provider": "provider[\"registry.terraform.io/hashicorp/aws\"]",
      "instances": [
        {
          "schema_version": 0,
          "attributes": {
            "arn": "arn:aws:iam::911287867452:policy/ReadOnlyEC2Policy",
            "attachment_count": 0,
            "description": "Read only access to EC2 resources",
            "id": "arn:aws:iam::911287867452:policy/ReadOnlyEC2Policy",
            "name": "ReadOnlyEC2Policy",
            "name_prefix": "",
            "path": "/",
            "policy": "{\"Statement\":[{\"Action\":[\"ec2:Describe*\",\"ec2:Get*\",\"ec2:List*\"],\"Effect\":\"Allow\",\"Resource\":\"*\"},{\"Action\":[\"s3:GetObject\",\"cloudwatch:Get*\",\"cloudwatch:List*\"],\"Effect\":\"Allow\",\"Resource\":\"*\"}],\"Version\":\"2012-10-17\"}",
            "policy_id": "ANPA5ILH5LA6BICEKOSTX",
            "tags": null,
            "tags_all": {}
          },
          "sensitive_attributes": [],
          "identity_schema_version": 0,
          "identity": {
            "arn": "arn:aws:iam::911287867452:policy/ReadOnlyEC2Policy"
          },
          "private": "bnVsbA=="
        }
      ]
    },
    {
      "mode": "managed",
      "type": "aws_iam_role",
      "name": "ec2_s3_role",
      "provider": "provider[\"registry.terraform.io/hashicorp/aws\"]",
      "instances": [
        {
          "schema_version": 0,
          "attributes": {
            "arn": "arn:aws:iam::911287867452:role/EC2-S3-Role-AWS-IAC",
            "assume_role_policy": "{\"Statement\":[{\"Action\":\"sts:AssumeRole\",\"Effect\":\"Allow\",\"Principal\":{\"Service\":\"ec2.amazonaws.com\"}}],\"Version\":\"2012-10-17\"}",
            "create_date": "2026-03-26T06:23:51Z",
            "description": "",
            "force_detach_policies": false,
            "id": "EC2-S3-Role-AWS-IAC",
            "inline_policy": [],
            "managed_policy_arns": [],
            "max_session_duration": 3600,
            "name": "EC2-S3-Role-AWS-IAC",
            "name_prefix": "",
            "path": "/",
            "permissions_boundary": "",
            "tags": {
              "Name": "EC2-S3-Role",
              "Project": "AWS-IAC"
            },
            "tags_all": {
              "Name": "EC2-S3-Role",
              "Project": "AWS-IAC"
            },
            "unique_id": "AROA5ILH5LA6GSINOS2I3"
          },
          "sensitive_attributes": [],
          "identity_schema_version": 0,
          "identity": {
            "account_id": "911287867452",
            "name": "EC2-S3-Role-AWS-IAC"
          },
          "private": "bnVsbA=="
        }
      ]
    },
    {
      "mode": "managed",
      "type": "aws_iam_role_policy",
      "name": "ec2_s3_policy",
      "provider": "provider[\"registry.terraform.io/hashicorp/aws\"]",
      "instances": [
        {
          "schema_version": 0,
          "attributes": {
            "id": "EC2-S3-Role-AWS-IAC:EC2-S3-Policy-AWS-IAC",
            "name": "EC2-S3-Policy-AWS-IAC",
            "name_prefix": "",
            "policy": "{\"Version\":\"2012-10-17\",\"Statement\":[{\"Action\":[\"s3:PutObject\",\"s3:GetObject\",\"s3:ListBucket\"],\"Effect\":\"Allow\",\"Resource\":[\"arn:aws:s3:::ec2-logs-701144fe1318188a\",\"arn:aws:s3:::ec2-logs-701144fe1318188a/*\"]}]}",
            "role": "EC2-S3-Role-AWS-IAC"
          },
          "sensitive_attributes": [],
          "identity_schema_version": 0,
          "identity": {
            "account_id": "911287867452",
            "name": "EC2-S3-Policy-AWS-IAC",
            "role": "EC2-S3-Role-AWS-IAC"
          },
          "private": "bnVsbA==",
          "dependencies": [
            "aws_iam_role.ec2_s3_role",
            "aws_s3_bucket.logs",
            "random_id.rand"
          ]
        }
      ]
    },
    {
      "mode": "managed",
      "type": "aws_iam_user",
      "name": "Narain",
      "provider": "provider[\"registry.terraform.io/hashicorp/aws\"]",
      "instances": [
        {
          "schema_version": 0,
          "attributes": {
            "arn": "arn:aws:iam::911287867452:user/Narain",
            "force_destroy": false,
            "id": "Narain",
            "name": "Narain",
            "path": "/",
            "permissions_boundary": "",
            "tags": null,
            "tags_all": {},
            "unique_id": "AIDA5ILH5LA6KAVVOLVTX"
          },
          "sensitive_attributes": [],
          "identity_schema_version": 0,
          "private": "bnVsbA=="
        }
      ]
    },
    {
      "mode": "managed",
      "type": "aws_iam_user",
      "name": "Narendiran",
      "provider": "provider[\"registry.terraform.io/hashicorp/aws\"]",
      "instances": [
        {
          "schema_version": 0,
          "attributes": {
            "arn": "arn:aws:iam::911287867452:user/Narendiran",
            "force_destroy": false,
            "id": "Narendiran",
            "name": "Narendiran",
            "path": "/",
            "permissions_boundary": "",
            "tags": null,
            "tags_all": {},
            "unique_id": "AIDA5ILH5LA6CQBUGLJ2A"
          },
          "sensitive_attributes": [],
          "identity_schema_version": 0,
          "private": "bnVsbA=="
        }
      ]
    },
    {
      "mode": "managed",
      "type": "aws_iam_user_group_membership",
      "name": "narain_map",
      "provider": "provider[\"registry.terraform.io/hashicorp/aws\"]",
      "instances": [
        {
          "schema_version": 0,
          "attributes": {
            "groups": [
              "ReadOnly-ec2-Group"
            ],
            "id": "terraform-20260326062353041900000004",
            "user": "Narain"
          },
          "sensitive_attributes": [],
          "identity_schema_version": 0,
          "private": "bnVsbA==",
          "dependencies": [
            "aws_iam_group.read_only_group",
            "aws_iam_user.Narain"
          ]
        }
      ]
    },
    {
      "mode": "managed",
      "type": "aws_iam_user_group_membership",
      "name": "narendiran_map",
      "provider": "provider[\"registry.terraform.io/hashicorp/aws\"]",
      "instances": [
        {
          "schema_version": 0,
          "attributes": {
            "groups": [
              "AdminGroup"
            ],
            "id": "terraform-20260326062353055800000005",
            "user": "Narendiran"
          },
          "sensitive_attributes": [],
          "identity_schema_version": 0,
          "private": "bnVsbA==",
          "dependencies": [
            "aws_iam_group.admin_group",
            "aws_iam_user.Narendiran"
          ]
        }
      ]
    },
    {
      "mode": "managed",
      "type": "aws_instance",
      "name": "private_ec2",
      "provider": "provider[\"registry.terraform.io/hashicorp/aws\"]",
      "instances": [
        {
          "schema_version": 2,
          "attributes": {
            "ami": "ami-040855b0715ee6f0b",
            "arn": "arn:aws:ec2:us-east-2:911287867452:instance/i-06631c0251247fcaf",
            "associate_public_ip_address": false,
            "availability_zone": "us-east-2a",
            "capacity_reservation_specification": [
              {
                "capacity_reservation_preference": "open",
                "capacity_reservation_target": []
              }
            ],
            "cpu_options": [
              {
                "amd_sev_snp": "",
                "core_count": 1,
                "threads_per_core": 1
              }
            ],
            "credit_specification": [
              {
                "cpu_credits": "standard"
              }
            ],
            "disable_api_stop": false,
            "disable_api_termination": false,
            "ebs_block_device": [],
            "ebs_optimized": false,
            "enable_primary_ipv6": null,
            "enclave_options": [
              {
                "enabled": false
              }
            ],
            "ephemeral_block_device": [],
            "force_destroy": false,
            "get_password_data": false,
            "hibernation": false,
            "host_id": "",
            "host_resource_group_arn": null,
            "iam_instance_profile": "EC2-Profile-AWS-IAC",
            "id": "i-06631c0251247fcaf",
            "instance_initiated_shutdown_behavior": "stop",
            "instance_lifecycle": "",
            "instance_market_options": [],
            "instance_state": "running",
            "instance_type": "t2.micro",
            "ipv6_address_count": 0,
            "ipv6_addresses": [],
            "key_name": "AWS-IAC-key-20260326062349949400000001",
            "launch_template": [],
            "maintenance_options": [
              {
                "auto_recovery": "default"
              }
            ],
            "metadata_options": [
              {
                "http_endpoint": "enabled",
                "http_protocol_ipv6": "disabled",
                "http_put_response_hop_limit": 1,
                "http_tokens": "optional",
                "instance_metadata_tags": "disabled"
              }
            ],
            "monitoring": false,
            "network_interface": [],
            "outpost_arn": "",
            "password_data": "",
            "placement_group": "",
            "placement_group_id": "",
            "placement_partition_number": 0,
            "primary_network_interface": [
              {
                "delete_on_termination": true,
                "network_interface_id": "eni-018c2b1f4ff6f5de2"
              }
            ],
            "primary_network_interface_id": "eni-018c2b1f4ff6f5de2",
            "private_dns": "ip-10-0-2-12.us-east-2.compute.internal",
            "private_dns_name_options": [
              {
                "enable_resource_name_dns_a_record": false,
                "enable_resource_name_dns_aaaa_record": false,
                "hostname_type": "ip-name"
              }
            ],
            "private_ip": "10.0.2.12",
            "public_dns": "",
            "public_ip": "",
            "region": "us-east-2",
            "root_block_device": [
              {
                "delete_on_termination": true,
                "device_name": "/dev/xvda",
                "encrypted": false,
                "iops": 100,
                "kms_key_id": "",
                "tags": {},
                "tags_all": {},
                "throughput": 0,
                "volume_id": "vol-0748ba7cdc09330fd",
                "volume_size": 8,
                "volume_type": "gp2"
              }
            ],
            "secondary_private_ips": [],
            "security_groups": [],
            "source_dest_check": true,
            "spot_instance_request_id": "",
            "subnet_id": "subnet-0a6fa07fa75b37971",
            "tags": {
              "Name": "Private-EC2-Instance",
              "Project": "AWS-IAC"
            },
            "tags_all": {
              "Name": "Private-EC2-Instance",
              "Project": "AWS-IAC"
            },
            "tenancy": "default",
            "timeouts": null,
            "user_data": "#!/bin/bash\r\nyum update -y\r\nyum install -y tomcat\r\nsystemctl start tomcat\r\nsystemctl enable tomcat\r\necho \"Hello from Terraform\" \u003e /var/lib/tomcat/webapps/ROOT/index.html\r\n\r\naws s3 cp /var/log/messages s3://ec2-logs-701144fe1318188a/$(hostname)-messages.log",
            "user_data_base64": null,
            "user_data_replace_on_change": false,
            "volume_tags": null,
            "vpc_security_group_ids": [
              "sg-07d5925b98172e6dd"
            ]
          },
          "sensitive_attributes": [],
          "identity_schema_version": 0,
          "identity": {
            "account_id": "911287867452",
            "id": "i-06631c0251247fcaf",
            "region": "us-east-2"
          },
          "private": "eyJlMmJmYjczMC1lY2FhLTExZTYtOGY4OC0zNDM2M2JjN2M0YzAiOnsiY3JlYXRlIjo2MDAwMDAwMDAwMDAsImRlbGV0ZSI6MTIwMDAwMDAwMDAwMCwicmVhZCI6OTAwMDAwMDAwMDAwLCJ1cGRhdGUiOjYwMDAwMDAwMDAwMH0sInNjaGVtYV92ZXJzaW9uIjoiMiJ9",
          "dependencies": [
            "aws_iam_instance_profile.ec2_profile",
            "aws_iam_role.ec2_s3_role",
            "aws_key_pair.generated",
            "aws_s3_bucket.logs",
            "aws_security_group.alb_sg",
            "aws_security_group.ec2_sg",
            "aws_subnet.private",
            "aws_vpc.main_vpc",
            "data.aws_ami.amazon_linux",
            "data.aws_availability_zones.available",
            "random_id.rand",
            "tls_private_key.generated"
          ]
        }
      ]
    },
    {
      "mode": "managed",
      "type": "aws_instance",
      "name": "public_ec2",
      "provider": "provider[\"registry.terraform.io/hashicorp/aws\"]",
      "instances": [
        {
          "schema_version": 2,
          "attributes": {
            "ami": "ami-040855b0715ee6f0b",
            "arn": "arn:aws:ec2:us-east-2:911287867452:instance/i-0ee02f3218473889a",
            "associate_public_ip_address": true,
            "availability_zone": "us-east-2a",
            "capacity_reservation_specification": [
              {
                "capacity_reservation_preference": "open",
                "capacity_reservation_target": []
              }
            ],
            "cpu_options": [
              {
                "amd_sev_snp": "",
                "core_count": 1,
                "threads_per_core": 1
              }
            ],
            "credit_specification": [
              {
                "cpu_credits": "standard"
              }
            ],
            "disable_api_stop": false,
            "disable_api_termination": false,
            "ebs_block_device": [],
            "ebs_optimized": false,
            "enable_primary_ipv6": null,
            "enclave_options": [
              {
                "enabled": false
              }
            ],
            "ephemeral_block_device": [],
            "force_destroy": false,
            "get_password_data": false,
            "hibernation": false,
            "host_id": "",
            "host_resource_group_arn": null,
            "iam_instance_profile": "EC2-Profile-AWS-IAC",
            "id": "i-0ee02f3218473889a",
            "instance_initiated_shutdown_behavior": "stop",
            "instance_lifecycle": "",
            "instance_market_options": [],
            "instance_state": "running",
            "instance_type": "t2.micro",
            "ipv6_address_count": 0,
            "ipv6_addresses": [],
            "key_name": "AWS-IAC-key-20260326062349949400000001",
            "launch_template": [],
            "maintenance_options": [
              {
                "auto_recovery": "default"
              }
            ],
            "metadata_options": [
              {
                "http_endpoint": "enabled",
                "http_protocol_ipv6": "disabled",
                "http_put_response_hop_limit": 1,
                "http_tokens": "optional",
                "instance_metadata_tags": "disabled"
              }
            ],
            "monitoring": false,
            "network_interface": [],
            "outpost_arn": "",
            "password_data": "",
            "placement_group": "",
            "placement_group_id": "",
            "placement_partition_number": 0,
            "primary_network_interface": [
              {
                "delete_on_termination": true,
                "network_interface_id": "eni-0c5b0b738ae410239"
              }
            ],
            "primary_network_interface_id": "eni-0c5b0b738ae410239",
            "private_dns": "ip-10-0-1-173.us-east-2.compute.internal",
            "private_dns_name_options": [
              {
                "enable_resource_name_dns_a_record": false,
                "enable_resource_name_dns_aaaa_record": false,
                "hostname_type": "ip-name"
              }
            ],
            "private_ip": "10.0.1.173",
            "public_dns": "",
            "public_ip": "18.221.96.100",
            "region": "us-east-2",
            "root_block_device": [
              {
                "delete_on_termination": true,
                "device_name": "/dev/xvda",
                "encrypted": false,
                "iops": 100,
                "kms_key_id": "",
                "tags": {},
                "tags_all": {},
                "throughput": 0,
                "volume_id": "vol-0bfbf7d0ad6e5d40c",
                "volume_size": 8,
                "volume_type": "gp2"
              }
            ],
            "secondary_private_ips": [],
            "security_groups": [],
            "source_dest_check": true,
            "spot_instance_request_id": "",
            "subnet_id": "subnet-0ff338590dba5cd22",
            "tags": {
              "Name": "Public-EC2-Instance",
              "Project": "AWS-IAC"
            },
            "tags_all": {
              "Name": "Public-EC2-Instance",
              "Project": "AWS-IAC"
            },
            "tenancy": "default",
            "timeouts": null,
            "user_data": "#!/bin/bash\r\nyum update -y\r\nyum install -y tomcat\r\nsystemctl start tomcat\r\nsystemctl enable tomcat\r\necho \"Hello from Terraform\" \u003e /var/lib/tomcat/webapps/ROOT/index.html\r\n\r\naws s3 cp /var/log/messages s3://ec2-logs-701144fe1318188a/$(hostname)-messages.log",
            "user_data_base64": null,
            "user_data_replace_on_change": false,
            "volume_tags": null,
            "vpc_security_group_ids": [
              "sg-07d5925b98172e6dd"
            ]
          },
          "sensitive_attributes": [],
          "identity_schema_version": 0,
          "identity": {
            "account_id": "911287867452",
            "id": "i-0ee02f3218473889a",
            "region": "us-east-2"
          },
          "private": "eyJlMmJmYjczMC1lY2FhLTExZTYtOGY4OC0zNDM2M2JjN2M0YzAiOnsiY3JlYXRlIjo2MDAwMDAwMDAwMDAsImRlbGV0ZSI6MTIwMDAwMDAwMDAwMCwicmVhZCI6OTAwMDAwMDAwMDAwLCJ1cGRhdGUiOjYwMDAwMDAwMDAwMH0sInNjaGVtYV92ZXJzaW9uIjoiMiJ9",
          "dependencies": [
            "aws_iam_instance_profile.ec2_profile",
            "aws_iam_role.ec2_s3_role",
            "aws_key_pair.generated",
            "aws_s3_bucket.logs",
            "aws_security_group.alb_sg",
            "aws_security_group.ec2_sg",
            "aws_subnet.public",
            "aws_vpc.main_vpc",
            "data.aws_ami.amazon_linux",
            "data.aws_availability_zones.available",
            "random_id.rand",
            "tls_private_key.generated"
          ]
        }
      ]
    },
    {
      "mode": "managed",
      "type": "aws_internet_gateway",
      "name": "igw",
      "provider": "provider[\"registry.terraform.io/hashicorp/aws\"]",
      "instances": [
        {
          "schema_version": 0,
          "attributes": {
            "arn": "arn:aws:ec2:us-east-2:911287867452:internet-gateway/igw-07b7d77a30f9f2937",
            "id": "igw-07b7d77a30f9f2937",
            "owner_id": "911287867452",
            "region": "us-east-2",
            "tags": {
              "Name": "AWS-IAC-IGW"
            },
            "tags_all": {
              "Name": "AWS-IAC-IGW"
            },
            "timeouts": null,
            "vpc_id": "vpc-0390071a4349277b8"
          },
          "sensitive_attributes": [],
          "identity_schema_version": 0,
          "private": "eyJlMmJmYjczMC1lY2FhLTExZTYtOGY4OC0zNDM2M2JjN2M0YzAiOnsiY3JlYXRlIjoxMjAwMDAwMDAwMDAwLCJkZWxldGUiOjEyMDAwMDAwMDAwMDAsInVwZGF0ZSI6MTIwMDAwMDAwMDAwMH19",
          "dependencies": [
            "aws_vpc.main_vpc"
          ]
        }
      ]
    },
    {
      "mode": "managed",
      "type": "aws_key_pair",
      "name": "generated",
      "provider": "provider[\"registry.terraform.io/hashicorp/aws\"]",
      "instances": [
        {
          "schema_version": 1,
          "attributes": {
            "arn": "arn:aws:ec2:us-east-2:911287867452:key-pair/AWS-IAC-key-20260326062349949400000001",
            "fingerprint": "6d:2b:e8:73:1a:2d:0a:d8:5d:59:58:00:ed:81:2e:f9",
            "id": "AWS-IAC-key-20260326062349949400000001",
            "key_name": "AWS-IAC-key-20260326062349949400000001",
            "key_name_prefix": "AWS-IAC-key-",
            "key_pair_id": "key-0f4b58aad9e69f3b5",
            "key_type": "rsa",
            "public_key": "ssh-rsa AAAAB3NzaC1yc2EAAAADAQABAAABAQC/8MWgvYY8mWGqLhqvYX3BkTEzCmkyhu3x3TMar698ufCjadU8nQLaG7l4YoyMewvi8T6lYH4xNGFf+zTE67vuFuLJuMg5jnQK7xl2E4iC1mbv6NHfd5uCSJIuz3MpCvQHOloQpp9M3Ig5wHJ+CXiCLyiWp0jIlpV2a4T0uXQmlDXD6bm2z4vpANQC+IGg91+5K3RW7PrlJ803w1Bt1eHYRtcqHGTqd2zmpWPD3DxToQXMnm2gXN8OyrGimpjeQS8fRlF/VFFphN5Q3IyUWoJ9cZ1lya1LEaI5a8fskpmQHSgP4GVJ+70D96WyfK3tqurcl0pQWu4O5tDcLeYKn82x",
            "region": "us-east-2",
            "tags": null,
            "tags_all": {}
          },
          "sensitive_attributes": [],
          "identity_schema_version": 0,
          "private": "eyJzY2hlbWFfdmVyc2lvbiI6IjEifQ==",
          "dependencies": [
            "tls_private_key.generated"
          ]
        }
      ]
    },
    {
      "mode": "managed",
      "type": "aws_lb",
      "name": "alb",
      "provider": "provider[\"registry.terraform.io/hashicorp/aws\"]",
      "instances": [
        {
          "schema_version": 0,
          "attributes": {
            "access_logs": [
              {
                "bucket": "",
                "enabled": false,
                "prefix": ""
              }
            ],
            "arn": "arn:aws:elasticloadbalancing:us-east-2:911287867452:loadbalancer/app/alb-AWS-IAC/1498c3138fe7f510",
            "arn_suffix": "app/alb-AWS-IAC/1498c3138fe7f510",
            "client_keep_alive": 3600,
            "connection_logs": [
              {
                "bucket": "",
                "enabled": false,
                "prefix": ""
              }
            ],
            "customer_owned_ipv4_pool": "",
            "desync_mitigation_mode": "defensive",
            "dns_name": "alb-AWS-IAC-310660652.us-east-2.elb.amazonaws.com",
            "dns_record_client_routing_policy": null,
            "drop_invalid_header_fields": false,
            "enable_cross_zone_load_balancing": true,
            "enable_deletion_protection": false,
            "enable_http2": true,
            "enable_tls_version_and_cipher_suite_headers": false,
            "enable_waf_fail_open": false,
            "enable_xff_client_port": false,
            "enable_zonal_shift": false,
            "enforce_security_group_inbound_rules_on_private_link_traffic": "",
            "health_check_logs": [
              {
                "bucket": "",
                "enabled": false,
                "prefix": ""
              }
            ],
            "id": "arn:aws:elasticloadbalancing:us-east-2:911287867452:loadbalancer/app/alb-AWS-IAC/1498c3138fe7f510",
            "idle_timeout": 60,
            "internal": false,
            "ip_address_type": "ipv4",
            "ipam_pools": [],
            "load_balancer_type": "application",
            "minimum_load_balancer_capacity": [],
            "name": "alb-AWS-IAC",
            "name_prefix": "",
            "preserve_host_header": false,
            "region": "us-east-2",
            "secondary_ips_auto_assigned_per_subnet": null,
            "security_groups": [
              "sg-002fca6d478ff77d0"
            ],
            "subnet_mapping": [
              {
                "allocation_id": "",
                "ipv6_address": "",
                "outpost_id": "",
                "private_ipv4_address": "",
                "subnet_id": "subnet-004a2d4c24dc7c095"
              },
              {
                "allocation_id": "",
                "ipv6_address": "",
                "outpost_id": "",
                "private_ipv4_address": "",
                "subnet_id": "subnet-0ff338590dba5cd22"
              }
            ],
            "subnets": [
              "subnet-004a2d4c24dc7c095",
              "subnet-0ff338590dba5cd22"
            ],
            "tags": {
              "Name": "ALB",
              "Project": "AWS-IAC"
            },
            "tags_all": {
              "Name": "ALB",
              "Project": "AWS-IAC"
            },
            "timeouts": null,
            "vpc_id": "vpc-0390071a4349277b8",
            "xff_header_processing_mode": "append",
            "zone_id": "Z3AADJGX6KTTL2"
          },
          "sensitive_attributes": [],
          "identity_schema_version": 0,
          "identity": {
            "arn": "arn:aws:elasticloadbalancing:us-east-2:911287867452:loadbalancer/app/alb-AWS-IAC/1498c3138fe7f510"
          },
          "private": "eyJlMmJmYjczMC1lY2FhLTExZTYtOGY4OC0zNDM2M2JjN2M0YzAiOnsiY3JlYXRlIjo2MDAwMDAwMDAwMDAsImRlbGV0ZSI6NjAwMDAwMDAwMDAwLCJ1cGRhdGUiOjYwMDAwMDAwMDAwMH19",
          "dependencies": [
            "aws_security_group.alb_sg",
            "aws_subnet.public",
            "aws_vpc.main_vpc",
            "data.aws_availability_zones.available"
          ]
        }
      ]
    },
    {
      "mode": "managed",
      "type": "aws_lb",
      "name": "private_alb",
      "provider": "provider[\"registry.terraform.io/hashicorp/aws\"]",
      "instances": [
        {
          "schema_version": 0,
          "attributes": {
            "access_logs": [
              {
                "bucket": "",
                "enabled": false,
                "prefix": ""
              }
            ],
            "arn": "arn:aws:elasticloadbalancing:us-east-2:911287867452:loadbalancer/app/private-alb-AWS-IAC/a02efc5811616bd1",
            "arn_suffix": "app/private-alb-AWS-IAC/a02efc5811616bd1",
            "client_keep_alive": 3600,
            "connection_logs": [
              {
                "bucket": "",
                "enabled": false,
                "prefix": ""
              }
            ],
            "customer_owned_ipv4_pool": "",
            "desync_mitigation_mode": "defensive",
            "dns_name": "internal-private-alb-AWS-IAC-1692884873.us-east-2.elb.amazonaws.com",
            "dns_record_client_routing_policy": null,
            "drop_invalid_header_fields": false,
            "enable_cross_zone_load_balancing": true,
            "enable_deletion_protection": false,
            "enable_http2": true,
            "enable_tls_version_and_cipher_suite_headers": false,
            "enable_waf_fail_open": false,
            "enable_xff_client_port": false,
            "enable_zonal_shift": false,
            "enforce_security_group_inbound_rules_on_private_link_traffic": "",
            "health_check_logs": [
              {
                "bucket": "",
                "enabled": false,
                "prefix": ""
              }
            ],
            "id": "arn:aws:elasticloadbalancing:us-east-2:911287867452:loadbalancer/app/private-alb-AWS-IAC/a02efc5811616bd1",
            "idle_timeout": 60,
            "internal": true,
            "ip_address_type": "ipv4",
            "ipam_pools": [],
            "load_balancer_type": "application",
            "minimum_load_balancer_capacity": [],
            "name": "private-alb-AWS-IAC",
            "name_prefix": "",
            "preserve_host_header": false,
            "region": "us-east-2",
            "secondary_ips_auto_assigned_per_subnet": null,
            "security_groups": [
              "sg-002fca6d478ff77d0"
            ],
            "subnet_mapping": [
              {
                "allocation_id": "",
                "ipv6_address": "",
                "outpost_id": "",
                "private_ipv4_address": "",
                "subnet_id": "subnet-02cda5447c1210ce0"
              },
              {
                "allocation_id": "",
                "ipv6_address": "",
                "outpost_id": "",
                "private_ipv4_address": "",
                "subnet_id": "subnet-0a6fa07fa75b37971"
              }
            ],
            "subnets": [
              "subnet-02cda5447c1210ce0",
              "subnet-0a6fa07fa75b37971"
            ],
            "tags": {
              "Name": "Private-ALB",
              "Project": "AWS-IAC"
            },
            "tags_all": {
              "Name": "Private-ALB",
              "Project": "AWS-IAC"
            },
            "timeouts": null,
            "vpc_id": "vpc-0390071a4349277b8",
            "xff_header_processing_mode": "append",
            "zone_id": "Z3AADJGX6KTTL2"
          },
          "sensitive_attributes": [],
          "identity_schema_version": 0,
          "identity": {
            "arn": "arn:aws:elasticloadbalancing:us-east-2:911287867452:loadbalancer/app/private-alb-AWS-IAC/a02efc5811616bd1"
          },
          "private": "eyJlMmJmYjczMC1lY2FhLTExZTYtOGY4OC0zNDM2M2JjN2M0YzAiOnsiY3JlYXRlIjo2MDAwMDAwMDAwMDAsImRlbGV0ZSI6NjAwMDAwMDAwMDAwLCJ1cGRhdGUiOjYwMDAwMDAwMDAwMH19",
          "dependencies": [
            "aws_security_group.alb_sg",
            "aws_subnet.private",
            "aws_vpc.main_vpc",
            "data.aws_availability_zones.available"
          ]
        }
      ]
    },
    {
      "mode": "managed",
      "type": "aws_lb_listener",
      "name": "app",
      "provider": "provider[\"registry.terraform.io/hashicorp/aws\"]",
      "instances": [
        {
          "schema_version": 0,
          "attributes": {
            "alpn_policy": null,
            "arn": "arn:aws:elasticloadbalancing:us-east-2:911287867452:listener/app/alb-AWS-IAC/1498c3138fe7f510/72cf9e70088bf684",
            "certificate_arn": null,
            "default_action": [
              {
                "authenticate_cognito": [],
                "authenticate_oidc": [],
                "fixed_response": [],
                "forward": [],
                "jwt_validation": [],
                "order": 1,
                "redirect": [],
                "target_group_arn": "arn:aws:elasticloadbalancing:us-east-2:911287867452:targetgroup/app-tg-AWS-IAC/25fb7bdf20059091",
                "type": "forward"
              }
            ],
            "id": "arn:aws:elasticloadbalancing:us-east-2:911287867452:listener/app/alb-AWS-IAC/1498c3138fe7f510/72cf9e70088bf684",
            "load_balancer_arn": "arn:aws:elasticloadbalancing:us-east-2:911287867452:loadbalancer/app/alb-AWS-IAC/1498c3138fe7f510",
            "mutual_authentication": [],
            "port": 80,
            "protocol": "HTTP",
            "region": "us-east-2",
            "routing_http_request_x_amzn_mtls_clientcert_header_name": null,
            "routing_http_request_x_amzn_mtls_clientcert_issuer_header_name": null,
            "routing_http_request_x_amzn_mtls_clientcert_leaf_header_name": null,
            "routing_http_request_x_amzn_mtls_clientcert_serial_number_header_name": null,
            "routing_http_request_x_amzn_mtls_clientcert_subject_header_name": null,
            "routing_http_request_x_amzn_mtls_clientcert_validity_header_name": null,
            "routing_http_request_x_amzn_tls_cipher_suite_header_name": null,
            "routing_http_request_x_amzn_tls_version_header_name": null,
            "routing_http_response_access_control_allow_credentials_header_value": "",
            "routing_http_response_access_control_allow_headers_header_value": "",
            "routing_http_response_access_control_allow_methods_header_value": "",
            "routing_http_response_access_control_allow_origin_header_value": "",
            "routing_http_response_access_control_expose_headers_header_value": "",
            "routing_http_response_access_control_max_age_header_value": "",
            "routing_http_response_content_security_policy_header_value": "",
            "routing_http_response_server_enabled": true,
            "routing_http_response_strict_transport_security_header_value": "",
            "routing_http_response_x_content_type_options_header_value": "",
            "routing_http_response_x_frame_options_header_value": "",
            "ssl_policy": "",
            "tags": null,
            "tags_all": {},
            "tcp_idle_timeout_seconds": null,
            "timeouts": null
          },
          "sensitive_attributes": [],
          "identity_schema_version": 0,
          "identity": {
            "arn": "arn:aws:elasticloadbalancing:us-east-2:911287867452:listener/app/alb-AWS-IAC/1498c3138fe7f510/72cf9e70088bf684"
          },
          "private": "eyJlMmJmYjczMC1lY2FhLTExZTYtOGY4OC0zNDM2M2JjN2M0YzAiOnsiY3JlYXRlIjozMDAwMDAwMDAwMDAsInVwZGF0ZSI6MzAwMDAwMDAwMDAwfX0=",
          "dependencies": [
            "aws_lb.alb",
            "aws_lb_target_group.app_tg",
            "aws_security_group.alb_sg",
            "aws_subnet.public",
            "aws_vpc.main_vpc",
            "data.aws_availability_zones.available"
          ]
        }
      ]
    },
    {
      "mode": "managed",
      "type": "aws_lb_target_group",
      "name": "app_tg",
      "provider": "provider[\"registry.terraform.io/hashicorp/aws\"]",
      "instances": [
        {
          "schema_version": 0,
          "attributes": {
            "arn": "arn:aws:elasticloadbalancing:us-east-2:911287867452:targetgroup/app-tg-AWS-IAC/25fb7bdf20059091",
            "arn_suffix": "targetgroup/app-tg-AWS-IAC/25fb7bdf20059091",
            "connection_termination": null,
            "deregistration_delay": "300",
            "health_check": [
              {
                "enabled": true,
                "healthy_threshold": 2,
                "interval": 30,
                "matcher": "200",
                "path": "/",
                "port": "traffic-port",
                "protocol": "HTTP",
                "timeout": 3,
                "unhealthy_threshold": 2
              }
            ],
            "id": "arn:aws:elasticloadbalancing:us-east-2:911287867452:targetgroup/app-tg-AWS-IAC/25fb7bdf20059091",
            "ip_address_type": "ipv4",
            "lambda_multi_value_headers_enabled": false,
            "load_balancer_arns": [],
            "load_balancing_algorithm_type": "round_robin",
            "load_balancing_anomaly_mitigation": "off",
            "load_balancing_cross_zone_enabled": "use_load_balancer_configuration",
            "name": "app-tg-AWS-IAC",
            "name_prefix": "",
            "port": 8080,
            "preserve_client_ip": null,
            "protocol": "HTTP",
            "protocol_version": "HTTP1",
            "proxy_protocol_v2": false,
            "region": "us-east-2",
            "slow_start": 0,
            "stickiness": [
              {
                "cookie_duration": 86400,
                "cookie_name": "",
                "enabled": false,
                "type": "lb_cookie"
              }
            ],
            "tags": {
              "Name": "App-Target-Group",
              "Project": "AWS-IAC"
            },
            "tags_all": {
              "Name": "App-Target-Group",
              "Project": "AWS-IAC"
            },
            "target_control_port": 0,
            "target_failover": [
              {
                "on_deregistration": null,
                "on_unhealthy": null
              }
            ],
            "target_group_health": [
              {
                "dns_failover": [
                  {
                    "minimum_healthy_targets_count": "1",
                    "minimum_healthy_targets_percentage": "off"
                  }
                ],
                "unhealthy_state_routing": [
                  {
                    "minimum_healthy_targets_count": 1,
                    "minimum_healthy_targets_percentage": "off"
                  }
                ]
              }
            ],
            "target_health_state": [
              {
                "enable_unhealthy_connection_termination": null,
                "unhealthy_draining_interval": null
              }
            ],
            "target_type": "instance",
            "vpc_id": "vpc-0390071a4349277b8"
          },
          "sensitive_attributes": [],
          "identity_schema_version": 0,
          "identity": {
            "arn": "arn:aws:elasticloadbalancing:us-east-2:911287867452:targetgroup/app-tg-AWS-IAC/25fb7bdf20059091"
          },
          "private": "bnVsbA==",
          "dependencies": [
            "aws_vpc.main_vpc"
          ]
        }
      ]
    },
    {
      "mode": "managed",
      "type": "aws_lb_target_group_attachment",
      "name": "public_instance",
      "provider": "provider[\"registry.terraform.io/hashicorp/aws\"]",
      "instances": [
        {
          "schema_version": 0,
          "attributes": {
            "availability_zone": null,
            "id": "arn:aws:elasticloadbalancing:us-east-2:911287867452:targetgroup/app-tg-AWS-IAC/25fb7bdf20059091-2026032606243319110000000a",
            "port": 8080,
            "region": "us-east-2",
            "target_group_arn": "arn:aws:elasticloadbalancing:us-east-2:911287867452:targetgroup/app-tg-AWS-IAC/25fb7bdf20059091",
            "target_id": "i-0ee02f3218473889a"
          },
          "sensitive_attributes": [],
          "identity_schema_version": 0,
          "private": "bnVsbA==",
          "dependencies": [
            "aws_iam_instance_profile.ec2_profile",
            "aws_iam_role.ec2_s3_role",
            "aws_instance.public_ec2",
            "aws_key_pair.generated",
            "aws_lb_target_group.app_tg",
            "aws_s3_bucket.logs",
            "aws_security_group.alb_sg",
            "aws_security_group.ec2_sg",
            "aws_subnet.public",
            "aws_vpc.main_vpc",
            "data.aws_ami.amazon_linux",
            "data.aws_availability_zones.available",
            "random_id.rand",
            "tls_private_key.generated"
          ]
        }
      ]
    },
    {
      "mode": "managed",
      "type": "aws_nat_gateway",
      "name": "nat",
      "provider": "provider[\"registry.terraform.io/hashicorp/aws\"]",
      "instances": [
        {
          "schema_version": 0,
          "attributes": {
            "allocation_id": "eipalloc-0483718740305a43b",
            "association_id": "eipassoc-07790132ad29ea44e",
            "auto_provision_zones": null,
            "auto_scaling_ips": null,
            "availability_mode": "zonal",
            "availability_zone_address": [],
            "connectivity_type": "public",
            "id": "nat-0fa2bc9ab0453cc98",
            "network_interface_id": "eni-0fe47db8011c27c03",
            "private_ip": "10.0.1.251",
            "public_ip": "16.58.92.150",
            "region": "us-east-2",
            "regional_nat_gateway_address": [],
            "regional_nat_gateway_auto_mode": null,
            "route_table_id": null,
            "secondary_allocation_ids": [],
            "secondary_private_ip_address_count": 0,
            "secondary_private_ip_addresses": [],
            "subnet_id": "subnet-0ff338590dba5cd22",
            "tags": {
              "Name": "AWS-IAC-NAT-Gateway"
            },
            "tags_all": {
              "Name": "AWS-IAC-NAT-Gateway"
            },
            "timeouts": null,
            "vpc_id": "vpc-0390071a4349277b8"
          },
          "sensitive_attributes": [],
          "identity_schema_version": 0,
          "private": "eyJlMmJmYjczMC1lY2FhLTExZTYtOGY4OC0zNDM2M2JjN2M0YzAiOnsiY3JlYXRlIjo2MDAwMDAwMDAwMDAsImRlbGV0ZSI6MTgwMDAwMDAwMDAwMCwidXBkYXRlIjo2MDAwMDAwMDAwMDB9fQ==",
          "dependencies": [
            "aws_eip.nat_eip",
            "aws_internet_gateway.igw",
            "aws_subnet.public",
            "aws_vpc.main_vpc",
            "data.aws_availability_zones.available"
          ]
        }
      ]
    },
    {
      "mode": "managed",
      "type": "aws_route_table",
      "name": "private_rt",
      "provider": "provider[\"registry.terraform.io/hashicorp/aws\"]",
      "instances": [
        {
          "schema_version": 0,
          "attributes": {
            "arn": "arn:aws:ec2:us-east-2:911287867452:route-table/rtb-0b7b98b24f5114a2d",
            "id": "rtb-0b7b98b24f5114a2d",
            "owner_id": "911287867452",
            "propagating_vgws": [],
            "region": "us-east-2",
            "route": [
              {
                "carrier_gateway_id": "",
                "cidr_block": "0.0.0.0/0",
                "core_network_arn": "",
                "destination_prefix_list_id": "",
                "egress_only_gateway_id": "",
                "gateway_id": "",
                "ipv6_cidr_block": "",
                "local_gateway_id": "",
                "nat_gateway_id": "nat-0fa2bc9ab0453cc98",
                "network_interface_id": "",
                "transit_gateway_id": "",
                "vpc_endpoint_id": "",
                "vpc_peering_connection_id": ""
              }
            ],
            "tags": {
              "Name": "Private-Route-Table"
            },
            "tags_all": {
              "Name": "Private-Route-Table"
            },
            "timeouts": null,
            "vpc_id": "vpc-0390071a4349277b8"
          },
          "sensitive_attributes": [],
          "identity_schema_version": 0,
          "identity": {
            "account_id": "911287867452",
            "id": "rtb-0b7b98b24f5114a2d",
            "region": "us-east-2"
          },
          "private": "eyJlMmJmYjczMC1lY2FhLTExZTYtOGY4OC0zNDM2M2JjN2M0YzAiOnsiY3JlYXRlIjozMDAwMDAwMDAwMDAsImRlbGV0ZSI6MzAwMDAwMDAwMDAwLCJ1cGRhdGUiOjEyMDAwMDAwMDAwMH19",
          "dependencies": [
            "aws_eip.nat_eip",
            "aws_internet_gateway.igw",
            "aws_nat_gateway.nat",
            "aws_subnet.public",
            "aws_vpc.main_vpc",
            "data.aws_availability_zones.available"
          ]
        }
      ]
    },
    {
      "mode": "managed",
      "type": "aws_route_table",
      "name": "public_rt",
      "provider": "provider[\"registry.terraform.io/hashicorp/aws\"]",
      "instances": [
        {
          "schema_version": 0,
          "attributes": {
            "arn": "arn:aws:ec2:us-east-2:911287867452:route-table/rtb-0a350efecd4d2c89c",
            "id": "rtb-0a350efecd4d2c89c",
            "owner_id": "911287867452",
            "propagating_vgws": [],
            "region": "us-east-2",
            "route": [
              {
                "carrier_gateway_id": "",
                "cidr_block": "0.0.0.0/0",
                "core_network_arn": "",
                "destination_prefix_list_id": "",
                "egress_only_gateway_id": "",
                "gateway_id": "igw-07b7d77a30f9f2937",
                "ipv6_cidr_block": "",
                "local_gateway_id": "",
                "nat_gateway_id": "",
                "network_interface_id": "",
                "transit_gateway_id": "",
                "vpc_endpoint_id": "",
                "vpc_peering_connection_id": ""
              }
            ],
            "tags": {
              "Name": "Public-Route-Table"
            },
            "tags_all": {
              "Name": "Public-Route-Table"
            },
            "timeouts": null,
            "vpc_id": "vpc-0390071a4349277b8"
          },
          "sensitive_attributes": [],
          "identity_schema_version": 0,
          "identity": {
            "account_id": "911287867452",
            "id": "rtb-0a350efecd4d2c89c",
            "region": "us-east-2"
          },
          "private": "eyJlMmJmYjczMC1lY2FhLTExZTYtOGY4OC0zNDM2M2JjN2M0YzAiOnsiY3JlYXRlIjozMDAwMDAwMDAwMDAsImRlbGV0ZSI6MzAwMDAwMDAwMDAwLCJ1cGRhdGUiOjEyMDAwMDAwMDAwMH19",
          "dependencies": [
            "aws_internet_gateway.igw",
            "aws_vpc.main_vpc"
          ]
        }
      ]
    },
    {
      "mode": "managed",
      "type": "aws_route_table_association",
      "name": "private_rt_assoc",
      "provider": "provider[\"registry.terraform.io/hashicorp/aws\"]",
      "instances": [
        {
          "index_key": 0,
          "schema_version": 0,
          "attributes": {
            "gateway_id": "",
            "id": "rtbassoc-094f9dd44be2351f3",
            "region": "us-east-2",
            "route_table_id": "rtb-0b7b98b24f5114a2d",
            "subnet_id": "subnet-0a6fa07fa75b37971",
            "timeouts": null
          },
          "sensitive_attributes": [],
          "identity_schema_version": 0,
          "private": "eyJlMmJmYjczMC1lY2FhLTExZTYtOGY4OC0zNDM2M2JjN2M0YzAiOnsiY3JlYXRlIjozMDAwMDAwMDAwMDAsImRlbGV0ZSI6MzAwMDAwMDAwMDAwLCJ1cGRhdGUiOjEyMDAwMDAwMDAwMH19",
          "dependencies": [
            "aws_eip.nat_eip",
            "aws_internet_gateway.igw",
            "aws_nat_gateway.nat",
            "aws_route_table.private_rt",
            "aws_subnet.private",
            "aws_subnet.public",
            "aws_vpc.main_vpc",
            "data.aws_availability_zones.available"
          ]
        },
        {
          "index_key": 1,
          "schema_version": 0,
          "attributes": {
            "gateway_id": "",
            "id": "rtbassoc-0065df9a475bbd67c",
            "region": "us-east-2",
            "route_table_id": "rtb-0b7b98b24f5114a2d",
            "subnet_id": "subnet-02cda5447c1210ce0",
            "timeouts": null
          },
          "sensitive_attributes": [],
          "identity_schema_version": 0,
          "private": "eyJlMmJmYjczMC1lY2FhLTExZTYtOGY4OC0zNDM2M2JjN2M0YzAiOnsiY3JlYXRlIjozMDAwMDAwMDAwMDAsImRlbGV0ZSI6MzAwMDAwMDAwMDAwLCJ1cGRhdGUiOjEyMDAwMDAwMDAwMH19",
          "dependencies": [
            "aws_eip.nat_eip",
            "aws_internet_gateway.igw",
            "aws_nat_gateway.nat",
            "aws_route_table.private_rt",
            "aws_subnet.private",
            "aws_subnet.public",
            "aws_vpc.main_vpc",
            "data.aws_availability_zones.available"
          ]
        }
      ]
    },
    {
      "mode": "managed",
      "type": "aws_route_table_association",
      "name": "public_rt_assoc",
      "provider": "provider[\"registry.terraform.io/hashicorp/aws\"]",
      "instances": [
        {
          "index_key": 0,
          "schema_version": 0,
          "attributes": {
            "gateway_id": "",
            "id": "rtbassoc-0c9cad940a58880bd",
            "region": "us-east-2",
            "route_table_id": "rtb-0a350efecd4d2c89c",
            "subnet_id": "subnet-0ff338590dba5cd22",
            "timeouts": null
          },
          "sensitive_attributes": [],
          "identity_schema_version": 0,
          "private": "eyJlMmJmYjczMC1lY2FhLTExZTYtOGY4OC0zNDM2M2JjN2M0YzAiOnsiY3JlYXRlIjozMDAwMDAwMDAwMDAsImRlbGV0ZSI6MzAwMDAwMDAwMDAwLCJ1cGRhdGUiOjEyMDAwMDAwMDAwMH19",
          "dependencies": [
            "aws_internet_gateway.igw",
            "aws_route_table.public_rt",
            "aws_subnet.public",
            "aws_vpc.main_vpc",
            "data.aws_availability_zones.available"
          ]
        },
        {
          "index_key": 1,
          "schema_version": 0,
          "attributes": {
            "gateway_id": "",
            "id": "rtbassoc-0b6d6358e80b3a420",
            "region": "us-east-2",
            "route_table_id": "rtb-0a350efecd4d2c89c",
            "subnet_id": "subnet-004a2d4c24dc7c095",
            "timeouts": null
          },
          "sensitive_attributes": [],
          "identity_schema_version": 0,
          "private": "eyJlMmJmYjczMC1lY2FhLTExZTYtOGY4OC0zNDM2M2JjN2M0YzAiOnsiY3JlYXRlIjozMDAwMDAwMDAwMDAsImRlbGV0ZSI6MzAwMDAwMDAwMDAwLCJ1cGRhdGUiOjEyMDAwMDAwMDAwMH19",
          "dependencies": [
            "aws_internet_gateway.igw",
            "aws_route_table.public_rt",
            "aws_subnet.public",
            "aws_vpc.main_vpc",
            "data.aws_availability_zones.available"
          ]
        }
      ]
    },
    {
      "mode": "managed",
      "type": "aws_s3_bucket",
      "name": "logs",
      "provider": "provider[\"registry.terraform.io/hashicorp/aws\"]",
      "instances": [
        {
          "schema_version": 0,
          "attributes": {
            "acceleration_status": "",
            "acl": null,
            "arn": "arn:aws:s3:::ec2-logs-701144fe1318188a",
            "bucket": "ec2-logs-701144fe1318188a",
            "bucket_domain_name": "ec2-logs-701144fe1318188a.s3.amazonaws.com",
            "bucket_prefix": "",
            "bucket_region": "us-east-2",
            "bucket_regional_domain_name": "ec2-logs-701144fe1318188a.s3.us-east-2.amazonaws.com",
            "cors_rule": [],
            "force_destroy": false,
            "grant": [
              {
                "id": "bd35e08ad602fa06273e7b5184a6567571766db0ec268cdc398e0da5da98d082",
                "permissions": [
                  "FULL_CONTROL"
                ],
                "type": "CanonicalUser",
                "uri": ""
              }
            ],
            "hosted_zone_id": "Z2O1EMRO9K5GLX",
            "id": "ec2-logs-701144fe1318188a",
            "lifecycle_rule": [],
            "logging": [],
            "object_lock_configuration": [],
            "object_lock_enabled": false,
            "policy": "",
            "region": "us-east-2",
            "replication_configuration": [],
            "request_payer": "BucketOwner",
            "server_side_encryption_configuration": [
              {
                "rule": [
                  {
                    "apply_server_side_encryption_by_default": [
                      {
                        "kms_master_key_id": "",
                        "sse_algorithm": "AES256"
                      }
                    ],
                    "bucket_key_enabled": false
                  }
                ]
              }
            ],
            "tags": null,
            "tags_all": {},
            "timeouts": null,
            "versioning": [
              {
                "enabled": false,
                "mfa_delete": false
              }
            ],
            "website": [],
            "website_domain": null,
            "website_endpoint": null
          },
          "sensitive_attributes": [],
          "identity_schema_version": 0,
          "identity": {
            "account_id": "911287867452",
            "bucket": "ec2-logs-701144fe1318188a",
            "region": "us-east-2"
          },
          "private": "eyJlMmJmYjczMC1lY2FhLTExZTYtOGY4OC0zNDM2M2JjN2M0YzAiOnsiY3JlYXRlIjoxMjAwMDAwMDAwMDAwLCJkZWxldGUiOjM2MDAwMDAwMDAwMDAsInJlYWQiOjEyMDAwMDAwMDAwMDAsInVwZGF0ZSI6MTIwMDAwMDAwMDAwMH19",
          "dependencies": [
            "random_id.rand"
          ]
        }
      ]
    },
    {
      "mode": "managed",
      "type": "aws_security_group",
      "name": "alb_sg",
      "provider": "provider[\"registry.terraform.io/hashicorp/aws\"]",
      "instances": [
        {
          "schema_version": 1,
          "attributes": {
            "arn": "arn:aws:ec2:us-east-2:911287867452:security-group/sg-002fca6d478ff77d0",
            "description": "Security group for ALB",
            "egress": [
              {
                "cidr_blocks": [
                  "0.0.0.0/0"
                ],
                "description": "",
                "from_port": 0,
                "ipv6_cidr_blocks": [],
                "prefix_list_ids": [],
                "protocol": "-1",
                "security_groups": [],
                "self": false,
                "to_port": 0
              }
            ],
            "id": "sg-002fca6d478ff77d0",
            "ingress": [
              {
                "cidr_blocks": [
                  "0.0.0.0/0"
                ],
                "description": "",
                "from_port": 443,
                "ipv6_cidr_blocks": [],
                "prefix_list_ids": [],
                "protocol": "tcp",
                "security_groups": [],
                "self": false,
                "to_port": 443
              },
              {
                "cidr_blocks": [
                  "0.0.0.0/0"
                ],
                "description": "",
                "from_port": 80,
                "ipv6_cidr_blocks": [],
                "prefix_list_ids": [],
                "protocol": "tcp",
                "security_groups": [],
                "self": false,
                "to_port": 80
              }
            ],
            "name": "alb-sg-AWS-IAC",
            "name_prefix": "",
            "owner_id": "911287867452",
            "region": "us-east-2",
            "revoke_rules_on_delete": false,
            "tags": {
              "Name": "ALB-SG",
              "Project": "AWS-IAC"
            },
            "tags_all": {
              "Name": "ALB-SG",
              "Project": "AWS-IAC"
            },
            "timeouts": null,
            "vpc_id": "vpc-0390071a4349277b8"
          },
          "sensitive_attributes": [],
          "identity_schema_version": 0,
          "identity": {
            "account_id": "911287867452",
            "id": "sg-002fca6d478ff77d0",
            "region": "us-east-2"
          },
          "private": "eyJlMmJmYjczMC1lY2FhLTExZTYtOGY4OC0zNDM2M2JjN2M0YzAiOnsiY3JlYXRlIjo2MDAwMDAwMDAwMDAsImRlbGV0ZSI6OTAwMDAwMDAwMDAwfSwic2NoZW1hX3ZlcnNpb24iOiIxIn0=",
          "dependencies": [
            "aws_vpc.main_vpc"
          ]
        }
      ]
    },
    {
      "mode": "managed",
      "type": "aws_security_group",
      "name": "ec2_sg",
      "provider": "provider[\"registry.terraform.io/hashicorp/aws\"]",
      "instances": [
        {
          "schema_version": 1,
          "attributes": {
            "arn": "arn:aws:ec2:us-east-2:911287867452:security-group/sg-07d5925b98172e6dd",
            "description": "Security group for EC2 instances",
            "egress": [
              {
                "cidr_blocks": [
                  "0.0.0.0/0"
                ],
                "description": "",
                "from_port": 0,
                "ipv6_cidr_blocks": [],
                "prefix_list_ids": [],
                "protocol": "-1",
                "security_groups": [],
                "self": false,
                "to_port": 0
              }
            ],
            "id": "sg-07d5925b98172e6dd",
            "ingress": [
              {
                "cidr_blocks": [
                  "0.0.0.0/0"
                ],
                "description": "",
                "from_port": 22,
                "ipv6_cidr_blocks": [],
                "prefix_list_ids": [],
                "protocol": "tcp",
                "security_groups": [],
                "self": false,
                "to_port": 22
              },
              {
                "cidr_blocks": [
                  "0.0.0.0/0"
                ],
                "description": "",
                "from_port": 8080,
                "ipv6_cidr_blocks": [],
                "prefix_list_ids": [],
                "protocol": "tcp",
                "security_groups": [],
                "self": false,
                "to_port": 8080
              },
              {
                "cidr_blocks": [],
                "description": "",
                "from_port": 443,
                "ipv6_cidr_blocks": [],
                "prefix_list_ids": [],
                "protocol": "tcp",
                "security_groups": [
                  "sg-002fca6d478ff77d0"
                ],
                "self": false,
                "to_port": 443
              },
              {
                "cidr_blocks": [],
                "description": "",
                "from_port": 80,
                "ipv6_cidr_blocks": [],
                "prefix_list_ids": [],
                "protocol": "tcp",
                "security_groups": [
                  "sg-002fca6d478ff77d0"
                ],
                "self": false,
                "to_port": 80
              }
            ],
            "name": "ec2-sg-AWS-IAC",
            "name_prefix": "",
            "owner_id": "911287867452",
            "region": "us-east-2",
            "revoke_rules_on_delete": false,
            "tags": {
              "Name": "EC2-SG",
              "Project": "AWS-IAC"
            },
            "tags_all": {
              "Name": "EC2-SG",
              "Project": "AWS-IAC"
            },
            "timeouts": null,
            "vpc_id": "vpc-0390071a4349277b8"
          },
          "sensitive_attributes": [],
          "identity_schema_version": 0,
          "identity": {
            "account_id": "911287867452",
            "id": "sg-07d5925b98172e6dd",
            "region": "us-east-2"
          },
          "private": "eyJlMmJmYjczMC1lY2FhLTExZTYtOGY4OC0zNDM2M2JjN2M0YzAiOnsiY3JlYXRlIjo2MDAwMDAwMDAwMDAsImRlbGV0ZSI6OTAwMDAwMDAwMDAwfSwic2NoZW1hX3ZlcnNpb24iOiIxIn0=",
          "dependencies": [
            "aws_security_group.alb_sg",
            "aws_vpc.main_vpc"
          ]
        }
      ]
    },
    {
      "mode": "managed",
      "type": "aws_subnet",
      "name": "private",
      "provider": "provider[\"registry.terraform.io/hashicorp/aws\"]",
      "instances": [
        {
          "index_key": 0,
          "schema_version": 1,
          "attributes": {
            "arn": "arn:aws:ec2:us-east-2:911287867452:subnet/subnet-0a6fa07fa75b37971",
            "assign_ipv6_address_on_creation": false,
            "availability_zone": "us-east-2a",
            "availability_zone_id": "use2-az1",
            "cidr_block": "10.0.2.0/24",
            "customer_owned_ipv4_pool": "",
            "enable_dns64": false,
            "enable_lni_at_device_index": 0,
            "enable_resource_name_dns_a_record_on_launch": false,
            "enable_resource_name_dns_aaaa_record_on_launch": false,
            "id": "subnet-0a6fa07fa75b37971",
            "ipv6_cidr_block": "",
            "ipv6_cidr_block_association_id": "",
            "ipv6_native": false,
            "map_customer_owned_ip_on_launch": false,
            "map_public_ip_on_launch": false,
            "outpost_arn": "",
            "owner_id": "911287867452",
            "private_dns_hostname_type_on_launch": "ip-name",
            "region": "us-east-2",
            "tags": {
              "Name": "AWS-IAC-Private-Subnet-0",
              "Project": "AWS-IAC"
            },
            "tags_all": {
              "Name": "AWS-IAC-Private-Subnet-0",
              "Project": "AWS-IAC"
            },
            "timeouts": null,
            "vpc_id": "vpc-0390071a4349277b8"
          },
          "sensitive_attributes": [],
          "identity_schema_version": 0,
          "identity": {
            "account_id": "911287867452",
            "id": "subnet-0a6fa07fa75b37971",
            "region": "us-east-2"
          },
          "private": "eyJlMmJmYjczMC1lY2FhLTExZTYtOGY4OC0zNDM2M2JjN2M0YzAiOnsiY3JlYXRlIjo2MDAwMDAwMDAwMDAsImRlbGV0ZSI6MTIwMDAwMDAwMDAwMH0sInNjaGVtYV92ZXJzaW9uIjoiMSJ9",
          "dependencies": [
            "aws_vpc.main_vpc",
            "data.aws_availability_zones.available"
          ]
        },
        {
          "index_key": 1,
          "schema_version": 1,
          "attributes": {
            "arn": "arn:aws:ec2:us-east-2:911287867452:subnet/subnet-02cda5447c1210ce0",
            "assign_ipv6_address_on_creation": false,
            "availability_zone": "us-east-2b",
            "availability_zone_id": "use2-az2",
            "cidr_block": "10.0.4.0/24",
            "customer_owned_ipv4_pool": "",
            "enable_dns64": false,
            "enable_lni_at_device_index": 0,
            "enable_resource_name_dns_a_record_on_launch": false,
            "enable_resource_name_dns_aaaa_record_on_launch": false,
            "id": "subnet-02cda5447c1210ce0",
            "ipv6_cidr_block": "",
            "ipv6_cidr_block_association_id": "",
            "ipv6_native": false,
            "map_customer_owned_ip_on_launch": false,
            "map_public_ip_on_launch": false,
            "outpost_arn": "",
            "owner_id": "911287867452",
            "private_dns_hostname_type_on_launch": "ip-name",
            "region": "us-east-2",
            "tags": {
              "Name": "AWS-IAC-Private-Subnet-1",
              "Project": "AWS-IAC"
            },
            "tags_all": {
              "Name": "AWS-IAC-Private-Subnet-1",
              "Project": "AWS-IAC"
            },
            "timeouts": null,
            "vpc_id": "vpc-0390071a4349277b8"
          },
          "sensitive_attributes": [],
          "identity_schema_version": 0,
          "identity": {
            "account_id": "911287867452",
            "id": "subnet-02cda5447c1210ce0",
            "region": "us-east-2"
          },
          "private": "eyJlMmJmYjczMC1lY2FhLTExZTYtOGY4OC0zNDM2M2JjN2M0YzAiOnsiY3JlYXRlIjo2MDAwMDAwMDAwMDAsImRlbGV0ZSI6MTIwMDAwMDAwMDAwMH0sInNjaGVtYV92ZXJzaW9uIjoiMSJ9",
          "dependencies": [
            "aws_vpc.main_vpc",
            "data.aws_availability_zones.available"
          ]
        }
      ]
    },
    {
      "mode": "managed",
      "type": "aws_subnet",
      "name": "public",
      "provider": "provider[\"registry.terraform.io/hashicorp/aws\"]",
      "instances": [
        {
          "index_key": 0,
          "schema_version": 1,
          "attributes": {
            "arn": "arn:aws:ec2:us-east-2:911287867452:subnet/subnet-0ff338590dba5cd22",
            "assign_ipv6_address_on_creation": false,
            "availability_zone": "us-east-2a",
            "availability_zone_id": "use2-az1",
            "cidr_block": "10.0.1.0/24",
            "customer_owned_ipv4_pool": "",
            "enable_dns64": false,
            "enable_lni_at_device_index": 0,
            "enable_resource_name_dns_a_record_on_launch": false,
            "enable_resource_name_dns_aaaa_record_on_launch": false,
            "id": "subnet-0ff338590dba5cd22",
            "ipv6_cidr_block": "",
            "ipv6_cidr_block_association_id": "",
            "ipv6_native": false,
            "map_customer_owned_ip_on_launch": false,
            "map_public_ip_on_launch": true,
            "outpost_arn": "",
            "owner_id": "911287867452",
            "private_dns_hostname_type_on_launch": "ip-name",
            "region": "us-east-2",
            "tags": {
              "Name": "AWS-IAC-Public-Subnet-0",
              "Project": "AWS-IAC"
            },
            "tags_all": {
              "Name": "AWS-IAC-Public-Subnet-0",
              "Project": "AWS-IAC"
            },
            "timeouts": null,
            "vpc_id": "vpc-0390071a4349277b8"
          },
          "sensitive_attributes": [],
          "identity_schema_version": 0,
          "identity": {
            "account_id": "911287867452",
            "id": "subnet-0ff338590dba5cd22",
            "region": "us-east-2"
          },
          "private": "eyJlMmJmYjczMC1lY2FhLTExZTYtOGY4OC0zNDM2M2JjN2M0YzAiOnsiY3JlYXRlIjo2MDAwMDAwMDAwMDAsImRlbGV0ZSI6MTIwMDAwMDAwMDAwMH0sInNjaGVtYV92ZXJzaW9uIjoiMSJ9",
          "dependencies": [
            "aws_vpc.main_vpc",
            "data.aws_availability_zones.available"
          ]
        },
        {
          "index_key": 1,
          "schema_version": 1,
          "attributes": {
            "arn": "arn:aws:ec2:us-east-2:911287867452:subnet/subnet-004a2d4c24dc7c095",
            "assign_ipv6_address_on_creation": false,
            "availability_zone": "us-east-2b",
            "availability_zone_id": "use2-az2",
            "cidr_block": "10.0.3.0/24",
            "customer_owned_ipv4_pool": "",
            "enable_dns64": false,
            "enable_lni_at_device_index": 0,
            "enable_resource_name_dns_a_record_on_launch": false,
            "enable_resource_name_dns_aaaa_record_on_launch": false,
            "id": "subnet-004a2d4c24dc7c095",
            "ipv6_cidr_block": "",
            "ipv6_cidr_block_association_id": "",
            "ipv6_native": false,
            "map_customer_owned_ip_on_launch": false,
            "map_public_ip_on_launch": true,
            "outpost_arn": "",
            "owner_id": "911287867452",
            "private_dns_hostname_type_on_launch": "ip-name",
            "region": "us-east-2",
            "tags": {
              "Name": "AWS-IAC-Public-Subnet-1",
              "Project": "AWS-IAC"
            },
            "tags_all": {
              "Name": "AWS-IAC-Public-Subnet-1",
              "Project": "AWS-IAC"
            },
            "timeouts": null,
            "vpc_id": "vpc-0390071a4349277b8"
          },
          "sensitive_attributes": [],
          "identity_schema_version": 0,
          "identity": {
            "account_id": "911287867452",
            "id": "subnet-004a2d4c24dc7c095",
            "region": "us-east-2"
          },
          "private": "eyJlMmJmYjczMC1lY2FhLTExZTYtOGY4OC0zNDM2M2JjN2M0YzAiOnsiY3JlYXRlIjo2MDAwMDAwMDAwMDAsImRlbGV0ZSI6MTIwMDAwMDAwMDAwMH0sInNjaGVtYV92ZXJzaW9uIjoiMSJ9",
          "dependencies": [
            "aws_vpc.main_vpc",
            "data.aws_availability_zones.available"
          ]
        }
      ]
    },
    {
      "mode": "managed",
      "type": "aws_vpc",
      "name": "main_vpc",
      "provider": "provider[\"registry.terraform.io/hashicorp/aws\"]",
      "instances": [
        {
          "schema_version": 1,
          "attributes": {
            "arn": "arn:aws:ec2:us-east-2:911287867452:vpc/vpc-0390071a4349277b8",
            "assign_generated_ipv6_cidr_block": false,
            "cidr_block": "10.0.0.0/16",
            "default_network_acl_id": "acl-0ad67a6a25c2fb5f9",
            "default_route_table_id": "rtb-0c2a22fe95603d360",
            "default_security_group_id": "sg-08facbaa812fa9e29",
            "dhcp_options_id": "dopt-0c01a069c4e84ae3c",
            "enable_dns_hostnames": false,
            "enable_dns_support": true,
            "enable_network_address_usage_metrics": false,
            "id": "vpc-0390071a4349277b8",
            "instance_tenancy": "default",
            "ipv4_ipam_pool_id": null,
            "ipv4_netmask_length": null,
            "ipv6_association_id": "",
            "ipv6_cidr_block": "",
            "ipv6_cidr_block_network_border_group": "",
            "ipv6_ipam_pool_id": "",
            "ipv6_netmask_length": 0,
            "main_route_table_id": "rtb-0c2a22fe95603d360",
            "owner_id": "911287867452",
            "region": "us-east-2",
            "tags": {
              "Name": "AWS-IAC-VPC"
            },
            "tags_all": {
              "Name": "AWS-IAC-VPC"
            }
          },
          "sensitive_attributes": [],
          "identity_schema_version": 0,
          "identity": {
            "account_id": "911287867452",
            "id": "vpc-0390071a4349277b8",
            "region": "us-east-2"
          },
          "private": "eyJzY2hlbWFfdmVyc2lvbiI6IjEifQ=="
        }
      ]
    },
    {
      "mode": "managed",
      "type": "local_file",
      "name": "private_key",
      "provider": "provider[\"registry.terraform.io/hashicorp/local\"]",
      "instances": [
        {
          "schema_version": 0,
          "attributes": {
            "content": "-----BEGIN RSA PRIVATE KEY-----\nMIIEowIBAAKCAQEAv/DFoL2GPJlhqi4ar2F9wZExMwppMobt8d0zGq+vfLnwo2nV\nPJ0C2hu5eGKMjHsL4vE+pWB+MTRhX/s0xOu77hbiybjIOY50Cu8ZdhOIgtZm7+jR\n33ebgkiSLs9zKQr0BzpaEKafTNyIOcByfgl4gi8olqdIyJaVdmuE9Ll0JpQ1w+m5\nts+L6QDUAviBoPdfuSt0Vuz65SfNN8NQbdXh2EbXKhxk6nds5qVjw9w8U6EFzJ5t\noFzfDsqxopqY3kEvH0ZRf1RRaYTeUNyMlFqCfXGdZcmtSxGiOWvH7JKZkB0oD+Bl\nSfu9A/elsnyt7arq3JdKUFruDubQ3C3mCp/NsQIDAQABAoIBACKOv45GwT304awp\nu906wNESipildbZGq92hlVtnKUHcGnLZka5lmIdbeYOuvp5mYwf7pmtRGbdTNnr4\n+BHCXaYq0a8/CTGvr73uOZfUQX5JCuSD9xF0b/e/iC5MZHANzEzm2SNpVIIarJ41\nQ4fkvaE2y2iAeu6+ie91wUzsfPia45gawv7bc2wpHGa+0GITmb9vJI9AbJfRi7uq\nWKM8f86h6ZAdVP66WcAZ+oOwkRIntgNQNyV885fhJ5ZRBwtGplFw+sCqQDEjbVLL\nvucvzvvhv6KTqnWfN6AArfILOeBjAyKiQquLg+TBY7GCb4xmTeSJlgD95ouRwyUy\n+UTqN08CgYEAzO8//+Krxy4Wt1YPXAwLsGyfPe/ULIQTxw0S5er9AZUcQX9FHgbL\nlRLj4d6zg9kz+lxsq0KJyx007yi+Sh92I2IW17TRSaKzttS6ZwgyYRibS7JFWGII\n4xfhU9CXUzoMIaRiSp3vcoiQ8V/peqk/rgMd1bsDVSxufgspzb5FpfcCgYEA78Si\nBY4uwx9KICZexJqNErKePewwuqyTo0tUK22+uINDDaUM6BlUErMp7Uv2iFHLXRnR\nfB8vv/k/xNoyzRLT6BR2GjIyN2xPbME+dJY9oJeqXO7AOOUMlNdQEjlEZvxpL4T8\nyljy7gqC+aSX4qNlRp22tnNClYAxKte9Nx6eH5cCgYARuhxaIRxk1VrHrx0TBEO6\nlhrMO8Opuh8P19SrqMEL8v8Ht1+eMk5H7eNidWYn4JD7diU8RzwuIq+ihG65cLFC\nbEi3jf+QlA9hoFMjeHULKxq72IbhF1HXewhVvLRqUZodCuApvjGpQaDwEDDdGGjW\nv5REGbI3GunP411RW8UgjwKBgQCV8qlJRCRmjvjypkx6NBWp7d8c5suK00b5xrB7\nAIVYK28R53js5no3v6im6OzjUBQYw37JW0+nhZ+l4rgGnJG+AJ3jwCS7mJcLcsc2\nbodYGcHHoODCNCzsIMPIwdvPdGfr+gWGHp6+1AAZVCBQ8tLxmMydyfOIP8V//7Ar\n+o/1PQKBgEMmtyRrqgiXwO7WrAbrcPJh0JpZhjEHtNRNiSBfgzRRaTHZ8763Ec16\nwy7erVSCWXgPh5D7SBla3A08AM4NQtKY9FBm0FgKNekfq8mUO5YzGYqbimtLFO9f\nTIf7bGOHP1/fpZgy6PiPtMtmKDBBQX27w9ap1MzTGIkZr+JaoTQW\n-----END RSA PRIVATE KEY-----\n",
            "content_base64": null,
            "content_base64sha256": "rPjbkWeheV3QE+eBl6G3bDNDYJapDpAla6HQZRcqlMw=",
            "content_base64sha512": "K0XSLbSY+e4yVX2ogkaLRQd3y/thYgtH3YP6y79sKJG+ymc+0KGnvm4G7AG5RcDOAlUnXJy4yJlBSAPkt7IT5Q==",
            "content_md5": "05787366e320b24985c0aa2a2944853b",
            "content_sha1": "ac3b0f78f0f930a0a44c86f915a2f9fb08856dbe",
            "content_sha256": "acf8db9167a1795dd013e78197a1b76c33436096a90e90256ba1d065172a94cc",
            "content_sha512": "2b45d22db498f9ee32557da882468b450777cbfb61620b47dd83facbbf6c2891beca673ed0a1a7be6e06ec01b945c0ce0255275c9cb8c899414803e4b7b213e5",
            "directory_permission": "0777",
            "file_permission": "0600",
            "filename": "./AWS-IAC_generated_key.pem",
            "id": "ac3b0f78f0f930a0a44c86f915a2f9fb08856dbe",
            "sensitive_content": null,
            "source": null
          },
          "sensitive_attributes": [
            [
              {
                "type": "get_attr",
                "value": "content"
              }
            ],
            [
              {
                "type": "get_attr",
                "value": "sensitive_content"
              }
            ]
          ],
          "identity_schema_version": 0,
          "dependencies": [
            "tls_private_key.generated"
          ]
        }
      ]
    },
    {
      "mode": "managed",
      "type": "random_id",
      "name": "rand",
      "provider": "provider[\"registry.terraform.io/hashicorp/random\"]",
      "instances": [
        {
          "schema_version": 0,
          "attributes": {
            "b64_std": "cBFE/hMYGIo=",
            "b64_url": "cBFE_hMYGIo",
            "byte_length": 8,
            "dec": "8075311464884738186",
            "hex": "701144fe1318188a",
            "id": "cBFE_hMYGIo",
            "keepers": null,
            "prefix": null
          },
          "sensitive_attributes": [],
          "identity_schema_version": 0
        }
      ]
    },
    {
      "mode": "managed",
      "type": "tls_private_key",
      "name": "generated",
      "provider": "provider[\"registry.terraform.io/hashicorp/tls\"]",
      "instances": [
        {
          "schema_version": 1,
          "attributes": {
            "algorithm": "RSA",
            "ecdsa_curve": "P224",
            "id": "e050ba7a33ef2af79ff9e3e312912a7e5256d109",
            "private_key_openssh": "-----BEGIN OPENSSH PRIVATE KEY-----\nb3BlbnNzaC1rZXktdjEAAAAABG5vbmUAAAAEbm9uZQAAAAAAAAABAAABFwAAAAdz\nc2gtcnNhAAAAAwEAAQAAAQEAv/DFoL2GPJlhqi4ar2F9wZExMwppMobt8d0zGq+v\nfLnwo2nVPJ0C2hu5eGKMjHsL4vE+pWB+MTRhX/s0xOu77hbiybjIOY50Cu8ZdhOI\ngtZm7+jR33ebgkiSLs9zKQr0BzpaEKafTNyIOcByfgl4gi8olqdIyJaVdmuE9Ll0\nJpQ1w+m5ts+L6QDUAviBoPdfuSt0Vuz65SfNN8NQbdXh2EbXKhxk6nds5qVjw9w8\nU6EFzJ5toFzfDsqxopqY3kEvH0ZRf1RRaYTeUNyMlFqCfXGdZcmtSxGiOWvH7JKZ\nkB0oD+BlSfu9A/elsnyt7arq3JdKUFruDubQ3C3mCp/NsQAAA7hnzSfKZ80nygAA\nAAdzc2gtcnNhAAABAQC/8MWgvYY8mWGqLhqvYX3BkTEzCmkyhu3x3TMar698ufCj\nadU8nQLaG7l4YoyMewvi8T6lYH4xNGFf+zTE67vuFuLJuMg5jnQK7xl2E4iC1mbv\n6NHfd5uCSJIuz3MpCvQHOloQpp9M3Ig5wHJ+CXiCLyiWp0jIlpV2a4T0uXQmlDXD\n6bm2z4vpANQC+IGg91+5K3RW7PrlJ803w1Bt1eHYRtcqHGTqd2zmpWPD3DxToQXM\nnm2gXN8OyrGimpjeQS8fRlF/VFFphN5Q3IyUWoJ9cZ1lya1LEaI5a8fskpmQHSgP\n4GVJ+70D96WyfK3tqurcl0pQWu4O5tDcLeYKn82xAAAAAwEAAQAAAQAijr+ORsE9\n9OGsKbvdOsDREoqYpXW2RqvdoZVbZylB3Bpy2ZGuZZiHW3mDrr6eZmMH+6ZrURm3\nUzZ6+PgRwl2mKtGvPwkxr6+97jmX1EF+SQrkg/cRdG/3v4guTGRwDcxM5tkjaVSC\nGqyeNUOH5L2hNstogHruvonvdcFM7Hz4muOYGsL+23NsKRxmvtBiE5m/bySPQGyX\n0Yu7qlijPH/OoemQHVT+ulnAGfqDsJESJ7YDUDclfPOX4SeWUQcLRqZRcPrAqkAx\nI21Sy77nL8774b+ik6p1nzegAK3yCzngYwMiokKri4PkwWOxgm+MZk3kiZYA/eaL\nkcMlMvlE6jdPAAAAgEMmtyRrqgiXwO7WrAbrcPJh0JpZhjEHtNRNiSBfgzRRaTHZ\n8763Ec16wy7erVSCWXgPh5D7SBla3A08AM4NQtKY9FBm0FgKNekfq8mUO5YzGYqb\nimtLFO9fTIf7bGOHP1/fpZgy6PiPtMtmKDBBQX27w9ap1MzTGIkZr+JaoTQWAAAA\ngQDM7z//4qvHLha3Vg9cDAuwbJ8979QshBPHDRLl6v0BlRxBf0UeBsuVEuPh3rOD\n2TP6XGyrQonLHTTvKL5KH3YjYhbXtNFJorO21LpnCDJhGJtLskVYYgjjF+FT0JdT\nOgwhpGJKne9yiJDxX+l6qT+uAx3VuwNVLG5+CynNvkWl9wAAAIEA78SiBY4uwx9K\nICZexJqNErKePewwuqyTo0tUK22+uINDDaUM6BlUErMp7Uv2iFHLXRnRfB8vv/k/\nxNoyzRLT6BR2GjIyN2xPbME+dJY9oJeqXO7AOOUMlNdQEjlEZvxpL4T8yljy7gqC\n+aSX4qNlRp22tnNClYAxKte9Nx6eH5cAAAAAAQID\n-----END OPENSSH PRIVATE KEY-----\n",
            "private_key_pem": "-----BEGIN RSA PRIVATE KEY-----\nMIIEowIBAAKCAQEAv/DFoL2GPJlhqi4ar2F9wZExMwppMobt8d0zGq+vfLnwo2nV\nPJ0C2hu5eGKMjHsL4vE+pWB+MTRhX/s0xOu77hbiybjIOY50Cu8ZdhOIgtZm7+jR\n33ebgkiSLs9zKQr0BzpaEKafTNyIOcByfgl4gi8olqdIyJaVdmuE9Ll0JpQ1w+m5\nts+L6QDUAviBoPdfuSt0Vuz65SfNN8NQbdXh2EbXKhxk6nds5qVjw9w8U6EFzJ5t\noFzfDsqxopqY3kEvH0ZRf1RRaYTeUNyMlFqCfXGdZcmtSxGiOWvH7JKZkB0oD+Bl\nSfu9A/elsnyt7arq3JdKUFruDubQ3C3mCp/NsQIDAQABAoIBACKOv45GwT304awp\nu906wNESipildbZGq92hlVtnKUHcGnLZka5lmIdbeYOuvp5mYwf7pmtRGbdTNnr4\n+BHCXaYq0a8/CTGvr73uOZfUQX5JCuSD9xF0b/e/iC5MZHANzEzm2SNpVIIarJ41\nQ4fkvaE2y2iAeu6+ie91wUzsfPia45gawv7bc2wpHGa+0GITmb9vJI9AbJfRi7uq\nWKM8f86h6ZAdVP66WcAZ+oOwkRIntgNQNyV885fhJ5ZRBwtGplFw+sCqQDEjbVLL\nvucvzvvhv6KTqnWfN6AArfILOeBjAyKiQquLg+TBY7GCb4xmTeSJlgD95ouRwyUy\n+UTqN08CgYEAzO8//+Krxy4Wt1YPXAwLsGyfPe/ULIQTxw0S5er9AZUcQX9FHgbL\nlRLj4d6zg9kz+lxsq0KJyx007yi+Sh92I2IW17TRSaKzttS6ZwgyYRibS7JFWGII\n4xfhU9CXUzoMIaRiSp3vcoiQ8V/peqk/rgMd1bsDVSxufgspzb5FpfcCgYEA78Si\nBY4uwx9KICZexJqNErKePewwuqyTo0tUK22+uINDDaUM6BlUErMp7Uv2iFHLXRnR\nfB8vv/k/xNoyzRLT6BR2GjIyN2xPbME+dJY9oJeqXO7AOOUMlNdQEjlEZvxpL4T8\nyljy7gqC+aSX4qNlRp22tnNClYAxKte9Nx6eH5cCgYARuhxaIRxk1VrHrx0TBEO6\nlhrMO8Opuh8P19SrqMEL8v8Ht1+eMk5H7eNidWYn4JD7diU8RzwuIq+ihG65cLFC\nbEi3jf+QlA9hoFMjeHULKxq72IbhF1HXewhVvLRqUZodCuApvjGpQaDwEDDdGGjW\nv5REGbI3GunP411RW8UgjwKBgQCV8qlJRCRmjvjypkx6NBWp7d8c5suK00b5xrB7\nAIVYK28R53js5no3v6im6OzjUBQYw37JW0+nhZ+l4rgGnJG+AJ3jwCS7mJcLcsc2\nbodYGcHHoODCNCzsIMPIwdvPdGfr+gWGHp6+1AAZVCBQ8tLxmMydyfOIP8V//7Ar\n+o/1PQKBgEMmtyRrqgiXwO7WrAbrcPJh0JpZhjEHtNRNiSBfgzRRaTHZ8763Ec16\nwy7erVSCWXgPh5D7SBla3A08AM4NQtKY9FBm0FgKNekfq8mUO5YzGYqbimtLFO9f\nTIf7bGOHP1/fpZgy6PiPtMtmKDBBQX27w9ap1MzTGIkZr+JaoTQW\n-----END RSA PRIVATE KEY-----\n",
            "private_key_pem_pkcs8": "-----BEGIN PRIVATE KEY-----\nMIIEvQIBADANBgkqhkiG9w0BAQEFAASCBKcwggSjAgEAAoIBAQC/8MWgvYY8mWGq\nLhqvYX3BkTEzCmkyhu3x3TMar698ufCjadU8nQLaG7l4YoyMewvi8T6lYH4xNGFf\n+zTE67vuFuLJuMg5jnQK7xl2E4iC1mbv6NHfd5uCSJIuz3MpCvQHOloQpp9M3Ig5\nwHJ+CXiCLyiWp0jIlpV2a4T0uXQmlDXD6bm2z4vpANQC+IGg91+5K3RW7PrlJ803\nw1Bt1eHYRtcqHGTqd2zmpWPD3DxToQXMnm2gXN8OyrGimpjeQS8fRlF/VFFphN5Q\n3IyUWoJ9cZ1lya1LEaI5a8fskpmQHSgP4GVJ+70D96WyfK3tqurcl0pQWu4O5tDc\nLeYKn82xAgMBAAECggEAIo6/jkbBPfThrCm73TrA0RKKmKV1tkar3aGVW2cpQdwa\nctmRrmWYh1t5g66+nmZjB/uma1EZt1M2evj4EcJdpirRrz8JMa+vve45l9RBfkkK\n5IP3EXRv97+ILkxkcA3MTObZI2lUghqsnjVDh+S9oTbLaIB67r6J73XBTOx8+Jrj\nmBrC/ttzbCkcZr7QYhOZv28kj0Bsl9GLu6pYozx/zqHpkB1U/rpZwBn6g7CREie2\nA1A3JXzzl+EnllEHC0amUXD6wKpAMSNtUsu+5y/O++G/opOqdZ83oACt8gs54GMD\nIqJCq4uD5MFjsYJvjGZN5ImWAP3mi5HDJTL5ROo3TwKBgQDM7z//4qvHLha3Vg9c\nDAuwbJ8979QshBPHDRLl6v0BlRxBf0UeBsuVEuPh3rOD2TP6XGyrQonLHTTvKL5K\nH3YjYhbXtNFJorO21LpnCDJhGJtLskVYYgjjF+FT0JdTOgwhpGJKne9yiJDxX+l6\nqT+uAx3VuwNVLG5+CynNvkWl9wKBgQDvxKIFji7DH0ogJl7Emo0Ssp497DC6rJOj\nS1Qrbb64g0MNpQzoGVQSsyntS/aIUctdGdF8Hy+/+T/E2jLNEtPoFHYaMjI3bE9s\nwT50lj2gl6pc7sA45QyU11ASOURm/GkvhPzKWPLuCoL5pJfio2VGnba2c0KVgDEq\n1703Hp4flwKBgBG6HFohHGTVWsevHRMEQ7qWGsw7w6m6Hw/X1KuowQvy/we3X54y\nTkft42J1ZifgkPt2JTxHPC4ir6KEbrlwsUJsSLeN/5CUD2GgUyN4dQsrGrvYhuEX\nUdd7CFW8tGpRmh0K4Cm+MalBoPAQMN0YaNa/lEQZsjca6c/jXVFbxSCPAoGBAJXy\nqUlEJGaO+PKmTHo0Fant3xzmy4rTRvnGsHsAhVgrbxHneOzmeje/qKbo7ONQFBjD\nfslbT6eFn6XiuAackb4AnePAJLuYlwtyxzZuh1gZwceg4MI0LOwgw8jB2890Z+v6\nBYYenr7UABlUIFDy0vGYzJ3J84g/xX//sCv6j/U9AoGAQya3JGuqCJfA7tasButw\n8mHQmlmGMQe01E2JIF+DNFFpMdnzvrcRzXrDLt6tVIJZeA+HkPtIGVrcDTwAzg1C\n0pj0UGbQWAo16R+ryZQ7ljMZipuKa0sU719Mh/tsY4c/X9+lmDLo+I+0y2YoMEFB\nfbvD1qnUzNMYiRmv4lqhNBY=\n-----END PRIVATE KEY-----\n",
            "public_key_fingerprint_md5": "6c:b1:b0:08:05:64:5f:95:da:0b:e2:f4:f8:c9:af:bf",
            "public_key_fingerprint_sha256": "SHA256:1fUhHMA1AsYWMLofsMBOFFMiguikF/ZlbVkX4zTc05k",
            "public_key_openssh": "ssh-rsa AAAAB3NzaC1yc2EAAAADAQABAAABAQC/8MWgvYY8mWGqLhqvYX3BkTEzCmkyhu3x3TMar698ufCjadU8nQLaG7l4YoyMewvi8T6lYH4xNGFf+zTE67vuFuLJuMg5jnQK7xl2E4iC1mbv6NHfd5uCSJIuz3MpCvQHOloQpp9M3Ig5wHJ+CXiCLyiWp0jIlpV2a4T0uXQmlDXD6bm2z4vpANQC+IGg91+5K3RW7PrlJ803w1Bt1eHYRtcqHGTqd2zmpWPD3DxToQXMnm2gXN8OyrGimpjeQS8fRlF/VFFphN5Q3IyUWoJ9cZ1lya1LEaI5a8fskpmQHSgP4GVJ+70D96WyfK3tqurcl0pQWu4O5tDcLeYKn82x\n",
            "public_key_pem": "-----BEGIN PUBLIC KEY-----\nMIIBIjANBgkqhkiG9w0BAQEFAAOCAQ8AMIIBCgKCAQEAv/DFoL2GPJlhqi4ar2F9\nwZExMwppMobt8d0zGq+vfLnwo2nVPJ0C2hu5eGKMjHsL4vE+pWB+MTRhX/s0xOu7\n7hbiybjIOY50Cu8ZdhOIgtZm7+jR33ebgkiSLs9zKQr0BzpaEKafTNyIOcByfgl4\ngi8olqdIyJaVdmuE9Ll0JpQ1w+m5ts+L6QDUAviBoPdfuSt0Vuz65SfNN8NQbdXh\n2EbXKhxk6nds5qVjw9w8U6EFzJ5toFzfDsqxopqY3kEvH0ZRf1RRaYTeUNyMlFqC\nfXGdZcmtSxGiOWvH7JKZkB0oD+BlSfu9A/elsnyt7arq3JdKUFruDubQ3C3mCp/N\nsQIDAQAB\n-----END PUBLIC KEY-----\n",
            "rsa_bits": 2048
          },
          "sensitive_attributes": [
            [
              {
                "type": "get_attr",
                "value": "private_key_openssh"
              }
            ],
            [
              {
                "type": "get_attr",
                "value": "private_key_pem"
              }
            ],
            [
              {
                "type": "get_attr",
                "value": "private_key_pem_pkcs8"
              }
            ]
          ],
          "identity_schema_version": 0
        }
      ]
    }
  ],
  "check_results": null
}
